
Microsoft Visual Studio Solution File, Format Version 12.00
# Visual Studio Version 16
VisualStudioVersion = 16.0.30225.117
MinimumVisualStudioVersion = 10.0.40219.1
Project("{FAE04EC0-301F-11D3-BF4B-00C04F79EFBC}") = "FizzBuzz", "FizzBuzz\FizzBuzz.csproj", "{42A2D817-205F-4676-A26B-D8431B893E56}"
EndProject
Project("{FAE04EC0-301F-11D3-BF4B-00C04F79EFBC}") = "FizzBuzz.Tests", "FizzBuzz.Tests\FizzBuzz.Tests.csproj", "{CEB66AF2-2573-4CB6-9CFC-45D08C7C9625}"
EndProject
Project("{FAE04EC0-301F-11D3-BF4B-00C04F79EFBC}") = "ScoreKeeper.Tests", "ScoreKeeper.Tests\ScoreKeeper.Tests.csproj", "{120A7B7B-25F1-40DB-8AA8-B3AFDDF5F746}"
EndProject
Project("{FAE04EC0-301F-11D3-BF4B-00C04F79EFBC}") = "ScoreKeeper", "ScoreKeeper\ScoreKeeper.csproj", "{9BDB2C28-C74A-4765-8F5C-86A4C13B7799}"
EndProject
Project("{FAE04EC0-301F-11D3-BF4B-00C04F79EFBC}") = "ScoreKeeperTellDontAsk", "ScoreKeeperTellDontAsk\ScoreKeeperTellDontAsk.csproj", "{52ED871A-CCE7-496D-B801-778501171BAF}"
EndProject
Project("{FAE04EC0-301F-11D3-BF4B-00C04F79EFBC}") = "ScoreKeeperTellDontAsk.Tests", "ScoreKeeperTellDontAsk.Tests\ScoreKeeperTellDontAsk.Tests.csproj", "{17AB5102-D64B-4145-BD80-1B5496CEC0AF}"
EndProject
Project("{FAE04EC0-301F-11D3-BF4B-00C04F79EFBC}") = "GossipingBusDrivers", "GossipingBusDrivers\GossipingBusDrivers.csproj", "{69BDB783-B1D2-408E-84CE-00E35CB432DB}"
EndProject
Project("{FAE04EC0-301F-11D3-BF4B-00C04F79EFBC}") = "GossipingBusDrivers.Tests", "GossipingBusDrivers.Tests\GossipingBusDrivers.Tests.csproj", "{5BC7CF72-8754-4CD8-A597-A0A3F3EC01AF}"
EndProject
Project("{FAE04EC0-301F-11D3-BF4B-00C04F79EFBC}") = "TripServiceKata", "TripServiceKata\TripServiceKata.csproj", "{45E49CBA-0800-4391-AD80-E23837C66D95}"
EndProject
Project("{FAE04EC0-301F-11D3-BF4B-00C04F79EFBC}") = "TripServiceKata.Tests", "TripServiceKata.Tests\TripServiceKata.Tests.csproj", "{41370430-26A5-44FE-A12D-D63ECD369009}"
EndProject
Project("{2150E333-8FDC-42A3-9474-1A3956D46DE8}") = "IAmTimCoreyWeekly", "IAmTimCoreyWeekly", "{065063D5-D1FE-4955-A489-6F3E52154B8E}"
EndProject
Project("{9A19103F-16F7-4668-BE54-9A1E7A4F7556}") = "CalculationsLibrary", "IAmTimCoreyWeekly\CalculationsLibrary\CalculationsLibrary.csproj", "{B4D45B8C-1B2B-49B1-BE39-04F4FB45BF39}"
EndProject
Project("{2150E333-8FDC-42A3-9474-1A3956D46DE8}") = "Microsoft", "Microsoft", "{511F6CF8-DCD6-450D-BD68-80E6CAED48CF}"
EndProject
Project("{FAE04EC0-301F-11D3-BF4B-00C04F79EFBC}") = "PeriodOfArray", "Microsoft\PeriodOfArray\PeriodOfArray.csproj", "{E61037CC-67F5-4875-8F33-C355D4FE0CA2}"
EndProject
Project("{FAE04EC0-301F-11D3-BF4B-00C04F79EFBC}") = "PeriodOfArray.Tests", "Microsoft\PeriodOfArray.Tests\PeriodOfArray.Tests.csproj", "{11E4BD73-0C8E-4539-9F16-0996086A3CA8}"
EndProject
Project("{FAE04EC0-301F-11D3-BF4B-00C04F79EFBC}") = "IsomorphicStrings", "Microsoft\IsomorphicStrings\IsomorphicStrings.csproj", "{B0484653-72FB-496C-9C09-1BCF2A5B2FC9}"
EndProject
Project("{FAE04EC0-301F-11D3-BF4B-00C04F79EFBC}") = "IsomorphicStrings.Tests", "Microsoft\IsomorphicStrings.Tests\IsomorphicStrings.Tests.csproj", "{2F590895-5417-49CE-A3FD-48E5CA296D93}"
EndProject
Project("{FAE04EC0-301F-11D3-BF4B-00C04F79EFBC}") = "SomethingToEaseYourTroubledMind", "SomethingToEaseYourTroubledMind\SomethingToEaseYourTroubledMind.csproj", "{9010A237-04C3-4CDC-BCC8-44B8F7FB2D14}"
EndProject
Project("{FAE04EC0-301F-11D3-BF4B-00C04F79EFBC}") = "GildedRose", "GildedRose\GildedRose.csproj", "{8B227DAF-B209-48AB-8C08-06F337B319C2}"
EndProject
Project("{FAE04EC0-301F-11D3-BF4B-00C04F79EFBC}") = "GildedRose.Tests", "GildedRose.Tests\GildedRose.Tests.csproj", "{10E1F544-5A8A-495B-8BA6-BD05A624CA4F}"
EndProject
Project("{FAE04EC0-301F-11D3-BF4B-00C04F79EFBC}") = "CalculationChallenge", "IAmTimCoreyWeekly\CalculationChallenge\CalculationChallenge.csproj", "{06850500-F79B-4FBD-B23E-2B907F7B40FF}"
EndProject
Project("{FAE04EC0-301F-11D3-BF4B-00C04F79EFBC}") = "CalculationsLibrary.Tests", "IAmTimCoreyWeekly\CalculationsLibrary.Tests\CalculationsLibrary.Tests.csproj", "{2B22A0C4-708E-47CD-8F8B-F2BA25929F44}"
EndProject
Project("{FAE04EC0-301F-11D3-BF4B-00C04F79EFBC}") = "LinqWeeklyChallenge", "IAmTimCoreyWeekly\LinqWeeklyChallenge\LinqWeeklyChallenge.csproj", "{AFF69063-F9E0-483E-ACDF-639A94C6A0F3}"
EndProject
Project("{FAE04EC0-301F-11D3-BF4B-00C04F79EFBC}") = "LinqWeeklyChallenge.Tests", "IAmTimCoreyWeekly\LinqWeeklyChallenge.Tests\LinqWeeklyChallenge.Tests.csproj", "{9B391836-BD2E-4875-9F8E-9F46C28ACDDA}"
EndProject
Project("{FAE04EC0-301F-11D3-BF4B-00C04F79EFBC}") = "TextFileChallenge", "IAmTimCoreyWeekly\TextFileChallenge\TextFileChallenge.csproj", "{E8F410AB-862F-4A71-A460-672DC547C756}"
EndProject
Project("{2150E333-8FDC-42A3-9474-1A3956D46DE8}") = "RefactoringChallenge", "RefactoringChallenge", "{B9F895AA-273D-4FB0-9DBF-F165ECAD0B47}"
EndProject
Project("{FAE04EC0-301F-11D3-BF4B-00C04F79EFBC}") = "WinFormApp", "IAmTimCoreyWeekly\RefactoringChallenge\WinFormApp\WinFormApp.csproj", "{2E2BDB20-8771-41EE-AEAF-62C20EA56C70}"
EndProject
Project("{FAE04EC0-301F-11D3-BF4B-00C04F79EFBC}") = "ConsoleApp", "IAmTimCoreyWeekly\RefactoringChallenge\ConsoleApp\ConsoleApp.csproj", "{0BA17008-ADC8-4080-B499-69101E8F176E}"
EndProject
Project("{00D1A9C2-B5F0-4AF3-8072-F6C62B433612}") = "DapperDemoDB", "IAmTimCoreyWeekly\RefactoringChallenge\DapperDemoDB\DapperDemoDB.sqlproj", "{81B5F5DA-D8F7-456F-9F5C-45D3AAA2791A}"
EndProject
Project("{FAE04EC0-301F-11D3-BF4B-00C04F79EFBC}") = "DapperDemo.DAL", "IAmTimCoreyWeekly\RefactoringChallenge\DapperDemo.DAL\DapperDemo.DAL.csproj", "{9A76304A-27B1-441F-BF4F-556F8BA34FBB}"
EndProject
Project("{9A19103F-16F7-4668-BE54-9A1E7A4F7556}") = "ConsoleToDoList", "IAmTimCoreyWeekly\ConsoleToDoList\ConsoleToDoList.csproj", "{F12C3C9D-D818-4FA5-958F-93F64AF57181}"
EndProject
Project("{FAE04EC0-301F-11D3-BF4B-00C04F79EFBC}") = "ConvertingArrayToTree", "Microsoft\ConvertingArrayToTree\ConvertingArrayToTree.csproj", "{E2358E6F-37E9-48F5-960E-EF81679BC066}"
EndProject
Project("{FAE04EC0-301F-11D3-BF4B-00C04F79EFBC}") = "ConvertingArrayToTree.Tests", "Microsoft\ConvertingArrayToTree.Tests\ConvertingArrayToTree.Tests.csproj", "{5C6CE79D-8E61-43EF-8118-7CCC61051AFC}"
EndProject
Project("{FAE04EC0-301F-11D3-BF4B-00C04F79EFBC}") = "PartialListReverse", "Microsoft\PartialListReverse\PartialListReverse.csproj", "{CE23FD96-2942-4B40-AECF-6343A51035F7}"
EndProject
Project("{FAE04EC0-301F-11D3-BF4B-00C04F79EFBC}") = "PartialListReverse.Tests", "Microsoft\PartialListReverse.Tests\PartialListReverse.Tests.csproj", "{4D7210F9-10FF-4DE0-A6EF-F58A88558D2D}"
EndProject
Project("{9A19103F-16F7-4668-BE54-9A1E7A4F7556}") = "Diamond", "Diamond\Diamond.csproj", "{AA550545-A255-4F92-B883-436F9731B025}"
EndProject
Project("{FAE04EC0-301F-11D3-BF4B-00C04F79EFBC}") = "PillReminderUI", "IAmTimCoreyWeekly\PillReminderUI\PillReminderUI.csproj", "{99935DFC-B5F0-4095-BA04-D6FA87B13B8C}"
EndProject
Project("{9A19103F-16F7-4668-BE54-9A1E7A4F7556}") = "CoinChangeChallenge", "IAmTimCoreyWeekly\CoinChangeChallenge\CoinChangeChallenge.csproj", "{3321E78C-538C-44A5-9DB0-25A4FEC709A5}"
EndProject
Project("{9A19103F-16F7-4668-BE54-9A1E7A4F7556}") = "CoinChange.Tests", "IAmTimCoreyWeekly\CoinChange.Tests\CoinChange.Tests.csproj", "{A62C953E-B2F8-42AF-9844-8E2007F7A0C1}"
EndProject
Project("{9A19103F-16F7-4668-BE54-9A1E7A4F7556}") = "APIUsageChallenge", "IAmTimCoreyWeekly\APIUsageChallenge\APIUsageChallenge.csproj", "{D63B2F83-D458-4D27-8605-BC17C63EC9C0}"
EndProject
Project("{9A19103F-16F7-4668-BE54-9A1E7A4F7556}") = "WordCountChallenge", "IAmTimCoreyWeekly\WordCountChallenge\WordCountChallenge.csproj", "{9FA9A045-C03F-4CED-B692-BBF54B4F5569}"
EndProject
Project("{9A19103F-16F7-4668-BE54-9A1E7A4F7556}") = "WordCountChallenge.Tests", "IAmTimCoreyWeekly\WordCountChallenge.Tests\WordCountChallenge.Tests.csproj", "{01FC2B99-B2EE-4259-BA0F-B5CB760EA00B}"
EndProject
Project("{9A19103F-16F7-4668-BE54-9A1E7A4F7556}") = "WordWrap", "WordWrap\WordWrap.csproj", "{2E274E07-E098-414D-A4C5-19C15FFD789F}"
EndProject
Project("{9A19103F-16F7-4668-BE54-9A1E7A4F7556}") = "WordWrap.Tests", "WordWrap.Tests\WordWrap.Tests.csproj", "{7BAA1D21-2C5A-413E-AD70-7F87267E1ED2}"
EndProject
Global
	GlobalSection(SolutionConfigurationPlatforms) = preSolution
		Debug|Any CPU = Debug|Any CPU
		Release|Any CPU = Release|Any CPU
	EndGlobalSection
	GlobalSection(ProjectConfigurationPlatforms) = postSolution
		{42A2D817-205F-4676-A26B-D8431B893E56}.Debug|Any CPU.ActiveCfg = Debug|Any CPU
		{42A2D817-205F-4676-A26B-D8431B893E56}.Debug|Any CPU.Build.0 = Debug|Any CPU
		{42A2D817-205F-4676-A26B-D8431B893E56}.Release|Any CPU.ActiveCfg = Release|Any CPU
		{42A2D817-205F-4676-A26B-D8431B893E56}.Release|Any CPU.Build.0 = Release|Any CPU
		{CEB66AF2-2573-4CB6-9CFC-45D08C7C9625}.Debug|Any CPU.ActiveCfg = Debug|Any CPU
		{CEB66AF2-2573-4CB6-9CFC-45D08C7C9625}.Debug|Any CPU.Build.0 = Debug|Any CPU
		{CEB66AF2-2573-4CB6-9CFC-45D08C7C9625}.Release|Any CPU.ActiveCfg = Release|Any CPU
		{CEB66AF2-2573-4CB6-9CFC-45D08C7C9625}.Release|Any CPU.Build.0 = Release|Any CPU
		{120A7B7B-25F1-40DB-8AA8-B3AFDDF5F746}.Debug|Any CPU.ActiveCfg = Debug|Any CPU
		{120A7B7B-25F1-40DB-8AA8-B3AFDDF5F746}.Debug|Any CPU.Build.0 = Debug|Any CPU
		{120A7B7B-25F1-40DB-8AA8-B3AFDDF5F746}.Release|Any CPU.ActiveCfg = Release|Any CPU
		{120A7B7B-25F1-40DB-8AA8-B3AFDDF5F746}.Release|Any CPU.Build.0 = Release|Any CPU
		{9BDB2C28-C74A-4765-8F5C-86A4C13B7799}.Debug|Any CPU.ActiveCfg = Debug|Any CPU
		{9BDB2C28-C74A-4765-8F5C-86A4C13B7799}.Debug|Any CPU.Build.0 = Debug|Any CPU
		{9BDB2C28-C74A-4765-8F5C-86A4C13B7799}.Release|Any CPU.ActiveCfg = Release|Any CPU
		{9BDB2C28-C74A-4765-8F5C-86A4C13B7799}.Release|Any CPU.Build.0 = Release|Any CPU
		{52ED871A-CCE7-496D-B801-778501171BAF}.Debug|Any CPU.ActiveCfg = Debug|Any CPU
		{52ED871A-CCE7-496D-B801-778501171BAF}.Debug|Any CPU.Build.0 = Debug|Any CPU
		{52ED871A-CCE7-496D-B801-778501171BAF}.Release|Any CPU.ActiveCfg = Release|Any CPU
		{52ED871A-CCE7-496D-B801-778501171BAF}.Release|Any CPU.Build.0 = Release|Any CPU
		{17AB5102-D64B-4145-BD80-1B5496CEC0AF}.Debug|Any CPU.ActiveCfg = Debug|Any CPU
		{17AB5102-D64B-4145-BD80-1B5496CEC0AF}.Debug|Any CPU.Build.0 = Debug|Any CPU
		{17AB5102-D64B-4145-BD80-1B5496CEC0AF}.Release|Any CPU.ActiveCfg = Release|Any CPU
		{17AB5102-D64B-4145-BD80-1B5496CEC0AF}.Release|Any CPU.Build.0 = Release|Any CPU
		{69BDB783-B1D2-408E-84CE-00E35CB432DB}.Debug|Any CPU.ActiveCfg = Debug|Any CPU
		{69BDB783-B1D2-408E-84CE-00E35CB432DB}.Debug|Any CPU.Build.0 = Debug|Any CPU
		{69BDB783-B1D2-408E-84CE-00E35CB432DB}.Release|Any CPU.ActiveCfg = Release|Any CPU
		{69BDB783-B1D2-408E-84CE-00E35CB432DB}.Release|Any CPU.Build.0 = Release|Any CPU
		{5BC7CF72-8754-4CD8-A597-A0A3F3EC01AF}.Debug|Any CPU.ActiveCfg = Debug|Any CPU
		{5BC7CF72-8754-4CD8-A597-A0A3F3EC01AF}.Debug|Any CPU.Build.0 = Debug|Any CPU
		{5BC7CF72-8754-4CD8-A597-A0A3F3EC01AF}.Release|Any CPU.ActiveCfg = Release|Any CPU
		{5BC7CF72-8754-4CD8-A597-A0A3F3EC01AF}.Release|Any CPU.Build.0 = Release|Any CPU
		{45E49CBA-0800-4391-AD80-E23837C66D95}.Debug|Any CPU.ActiveCfg = Debug|Any CPU
		{45E49CBA-0800-4391-AD80-E23837C66D95}.Debug|Any CPU.Build.0 = Debug|Any CPU
		{45E49CBA-0800-4391-AD80-E23837C66D95}.Release|Any CPU.ActiveCfg = Release|Any CPU
		{45E49CBA-0800-4391-AD80-E23837C66D95}.Release|Any CPU.Build.0 = Release|Any CPU
		{41370430-26A5-44FE-A12D-D63ECD369009}.Debug|Any CPU.ActiveCfg = Debug|Any CPU
		{41370430-26A5-44FE-A12D-D63ECD369009}.Debug|Any CPU.Build.0 = Debug|Any CPU
		{41370430-26A5-44FE-A12D-D63ECD369009}.Release|Any CPU.ActiveCfg = Release|Any CPU
		{41370430-26A5-44FE-A12D-D63ECD369009}.Release|Any CPU.Build.0 = Release|Any CPU
		{B4D45B8C-1B2B-49B1-BE39-04F4FB45BF39}.Debug|Any CPU.ActiveCfg = Debug|Any CPU
		{B4D45B8C-1B2B-49B1-BE39-04F4FB45BF39}.Debug|Any CPU.Build.0 = Debug|Any CPU
		{B4D45B8C-1B2B-49B1-BE39-04F4FB45BF39}.Release|Any CPU.ActiveCfg = Release|Any CPU
		{B4D45B8C-1B2B-49B1-BE39-04F4FB45BF39}.Release|Any CPU.Build.0 = Release|Any CPU
		{E61037CC-67F5-4875-8F33-C355D4FE0CA2}.Debug|Any CPU.ActiveCfg = Debug|Any CPU
		{E61037CC-67F5-4875-8F33-C355D4FE0CA2}.Debug|Any CPU.Build.0 = Debug|Any CPU
		{E61037CC-67F5-4875-8F33-C355D4FE0CA2}.Release|Any CPU.ActiveCfg = Release|Any CPU
		{E61037CC-67F5-4875-8F33-C355D4FE0CA2}.Release|Any CPU.Build.0 = Release|Any CPU
		{11E4BD73-0C8E-4539-9F16-0996086A3CA8}.Debug|Any CPU.ActiveCfg = Debug|Any CPU
		{11E4BD73-0C8E-4539-9F16-0996086A3CA8}.Debug|Any CPU.Build.0 = Debug|Any CPU
		{11E4BD73-0C8E-4539-9F16-0996086A3CA8}.Release|Any CPU.ActiveCfg = Release|Any CPU
		{11E4BD73-0C8E-4539-9F16-0996086A3CA8}.Release|Any CPU.Build.0 = Release|Any CPU
		{B0484653-72FB-496C-9C09-1BCF2A5B2FC9}.Debug|Any CPU.ActiveCfg = Debug|Any CPU
		{B0484653-72FB-496C-9C09-1BCF2A5B2FC9}.Debug|Any CPU.Build.0 = Debug|Any CPU
		{B0484653-72FB-496C-9C09-1BCF2A5B2FC9}.Release|Any CPU.ActiveCfg = Release|Any CPU
		{B0484653-72FB-496C-9C09-1BCF2A5B2FC9}.Release|Any CPU.Build.0 = Release|Any CPU
		{2F590895-5417-49CE-A3FD-48E5CA296D93}.Debug|Any CPU.ActiveCfg = Debug|Any CPU
		{2F590895-5417-49CE-A3FD-48E5CA296D93}.Debug|Any CPU.Build.0 = Debug|Any CPU
		{2F590895-5417-49CE-A3FD-48E5CA296D93}.Release|Any CPU.ActiveCfg = Release|Any CPU
		{2F590895-5417-49CE-A3FD-48E5CA296D93}.Release|Any CPU.Build.0 = Release|Any CPU
		{9010A237-04C3-4CDC-BCC8-44B8F7FB2D14}.Debug|Any CPU.ActiveCfg = Debug|Any CPU
		{9010A237-04C3-4CDC-BCC8-44B8F7FB2D14}.Debug|Any CPU.Build.0 = Debug|Any CPU
		{9010A237-04C3-4CDC-BCC8-44B8F7FB2D14}.Release|Any CPU.ActiveCfg = Release|Any CPU
		{9010A237-04C3-4CDC-BCC8-44B8F7FB2D14}.Release|Any CPU.Build.0 = Release|Any CPU
		{8B227DAF-B209-48AB-8C08-06F337B319C2}.Debug|Any CPU.ActiveCfg = Debug|Any CPU
		{8B227DAF-B209-48AB-8C08-06F337B319C2}.Debug|Any CPU.Build.0 = Debug|Any CPU
		{8B227DAF-B209-48AB-8C08-06F337B319C2}.Release|Any CPU.ActiveCfg = Release|Any CPU
		{8B227DAF-B209-48AB-8C08-06F337B319C2}.Release|Any CPU.Build.0 = Release|Any CPU
		{10E1F544-5A8A-495B-8BA6-BD05A624CA4F}.Debug|Any CPU.ActiveCfg = Debug|Any CPU
		{10E1F544-5A8A-495B-8BA6-BD05A624CA4F}.Debug|Any CPU.Build.0 = Debug|Any CPU
		{10E1F544-5A8A-495B-8BA6-BD05A624CA4F}.Release|Any CPU.ActiveCfg = Release|Any CPU
		{10E1F544-5A8A-495B-8BA6-BD05A624CA4F}.Release|Any CPU.Build.0 = Release|Any CPU
		{06850500-F79B-4FBD-B23E-2B907F7B40FF}.Debug|Any CPU.ActiveCfg = Debug|Any CPU
		{06850500-F79B-4FBD-B23E-2B907F7B40FF}.Debug|Any CPU.Build.0 = Debug|Any CPU
		{06850500-F79B-4FBD-B23E-2B907F7B40FF}.Release|Any CPU.ActiveCfg = Release|Any CPU
		{06850500-F79B-4FBD-B23E-2B907F7B40FF}.Release|Any CPU.Build.0 = Release|Any CPU
		{2B22A0C4-708E-47CD-8F8B-F2BA25929F44}.Debug|Any CPU.ActiveCfg = Debug|Any CPU
		{2B22A0C4-708E-47CD-8F8B-F2BA25929F44}.Debug|Any CPU.Build.0 = Debug|Any CPU
		{2B22A0C4-708E-47CD-8F8B-F2BA25929F44}.Release|Any CPU.ActiveCfg = Release|Any CPU
		{2B22A0C4-708E-47CD-8F8B-F2BA25929F44}.Release|Any CPU.Build.0 = Release|Any CPU
		{AFF69063-F9E0-483E-ACDF-639A94C6A0F3}.Debug|Any CPU.ActiveCfg = Debug|Any CPU
		{AFF69063-F9E0-483E-ACDF-639A94C6A0F3}.Debug|Any CPU.Build.0 = Debug|Any CPU
		{AFF69063-F9E0-483E-ACDF-639A94C6A0F3}.Release|Any CPU.ActiveCfg = Release|Any CPU
		{AFF69063-F9E0-483E-ACDF-639A94C6A0F3}.Release|Any CPU.Build.0 = Release|Any CPU
		{9B391836-BD2E-4875-9F8E-9F46C28ACDDA}.Debug|Any CPU.ActiveCfg = Debug|Any CPU
		{9B391836-BD2E-4875-9F8E-9F46C28ACDDA}.Debug|Any CPU.Build.0 = Debug|Any CPU
		{9B391836-BD2E-4875-9F8E-9F46C28ACDDA}.Release|Any CPU.ActiveCfg = Release|Any CPU
		{9B391836-BD2E-4875-9F8E-9F46C28ACDDA}.Release|Any CPU.Build.0 = Release|Any CPU
		{E8F410AB-862F-4A71-A460-672DC547C756}.Debug|Any CPU.ActiveCfg = Debug|Any CPU
		{E8F410AB-862F-4A71-A460-672DC547C756}.Debug|Any CPU.Build.0 = Debug|Any CPU
		{E8F410AB-862F-4A71-A460-672DC547C756}.Release|Any CPU.ActiveCfg = Release|Any CPU
		{E8F410AB-862F-4A71-A460-672DC547C756}.Release|Any CPU.Build.0 = Release|Any CPU
		{2E2BDB20-8771-41EE-AEAF-62C20EA56C70}.Debug|Any CPU.ActiveCfg = Debug|Any CPU
		{2E2BDB20-8771-41EE-AEAF-62C20EA56C70}.Debug|Any CPU.Build.0 = Debug|Any CPU
		{2E2BDB20-8771-41EE-AEAF-62C20EA56C70}.Release|Any CPU.ActiveCfg = Release|Any CPU
		{2E2BDB20-8771-41EE-AEAF-62C20EA56C70}.Release|Any CPU.Build.0 = Release|Any CPU
		{0BA17008-ADC8-4080-B499-69101E8F176E}.Debug|Any CPU.ActiveCfg = Debug|Any CPU
		{0BA17008-ADC8-4080-B499-69101E8F176E}.Debug|Any CPU.Build.0 = Debug|Any CPU
		{0BA17008-ADC8-4080-B499-69101E8F176E}.Release|Any CPU.ActiveCfg = Release|Any CPU
		{0BA17008-ADC8-4080-B499-69101E8F176E}.Release|Any CPU.Build.0 = Release|Any CPU
		{81B5F5DA-D8F7-456F-9F5C-45D3AAA2791A}.Debug|Any CPU.ActiveCfg = Debug|Any CPU
		{81B5F5DA-D8F7-456F-9F5C-45D3AAA2791A}.Debug|Any CPU.Build.0 = Debug|Any CPU
		{81B5F5DA-D8F7-456F-9F5C-45D3AAA2791A}.Debug|Any CPU.Deploy.0 = Debug|Any CPU
		{81B5F5DA-D8F7-456F-9F5C-45D3AAA2791A}.Release|Any CPU.ActiveCfg = Release|Any CPU
		{81B5F5DA-D8F7-456F-9F5C-45D3AAA2791A}.Release|Any CPU.Build.0 = Release|Any CPU
		{81B5F5DA-D8F7-456F-9F5C-45D3AAA2791A}.Release|Any CPU.Deploy.0 = Release|Any CPU
		{9A76304A-27B1-441F-BF4F-556F8BA34FBB}.Debug|Any CPU.ActiveCfg = Debug|Any CPU
		{9A76304A-27B1-441F-BF4F-556F8BA34FBB}.Debug|Any CPU.Build.0 = Debug|Any CPU
		{9A76304A-27B1-441F-BF4F-556F8BA34FBB}.Release|Any CPU.ActiveCfg = Release|Any CPU
		{9A76304A-27B1-441F-BF4F-556F8BA34FBB}.Release|Any CPU.Build.0 = Release|Any CPU
		{F12C3C9D-D818-4FA5-958F-93F64AF57181}.Debug|Any CPU.ActiveCfg = Debug|Any CPU
		{F12C3C9D-D818-4FA5-958F-93F64AF57181}.Debug|Any CPU.Build.0 = Debug|Any CPU
		{F12C3C9D-D818-4FA5-958F-93F64AF57181}.Release|Any CPU.ActiveCfg = Release|Any CPU
		{F12C3C9D-D818-4FA5-958F-93F64AF57181}.Release|Any CPU.Build.0 = Release|Any CPU
		{E2358E6F-37E9-48F5-960E-EF81679BC066}.Debug|Any CPU.ActiveCfg = Debug|Any CPU
		{E2358E6F-37E9-48F5-960E-EF81679BC066}.Debug|Any CPU.Build.0 = Debug|Any CPU
		{E2358E6F-37E9-48F5-960E-EF81679BC066}.Release|Any CPU.ActiveCfg = Release|Any CPU
		{E2358E6F-37E9-48F5-960E-EF81679BC066}.Release|Any CPU.Build.0 = Release|Any CPU
		{5C6CE79D-8E61-43EF-8118-7CCC61051AFC}.Debug|Any CPU.ActiveCfg = Debug|Any CPU
		{5C6CE79D-8E61-43EF-8118-7CCC61051AFC}.Debug|Any CPU.Build.0 = Debug|Any CPU
		{5C6CE79D-8E61-43EF-8118-7CCC61051AFC}.Release|Any CPU.ActiveCfg = Release|Any CPU
		{5C6CE79D-8E61-43EF-8118-7CCC61051AFC}.Release|Any CPU.Build.0 = Release|Any CPU
		{CE23FD96-2942-4B40-AECF-6343A51035F7}.Debug|Any CPU.ActiveCfg = Debug|Any CPU
		{CE23FD96-2942-4B40-AECF-6343A51035F7}.Debug|Any CPU.Build.0 = Debug|Any CPU
		{CE23FD96-2942-4B40-AECF-6343A51035F7}.Release|Any CPU.ActiveCfg = Release|Any CPU
		{CE23FD96-2942-4B40-AECF-6343A51035F7}.Release|Any CPU.Build.0 = Release|Any CPU
		{4D7210F9-10FF-4DE0-A6EF-F58A88558D2D}.Debug|Any CPU.ActiveCfg = Debug|Any CPU
		{4D7210F9-10FF-4DE0-A6EF-F58A88558D2D}.Debug|Any CPU.Build.0 = Debug|Any CPU
		{4D7210F9-10FF-4DE0-A6EF-F58A88558D2D}.Release|Any CPU.ActiveCfg = Release|Any CPU
		{4D7210F9-10FF-4DE0-A6EF-F58A88558D2D}.Release|Any CPU.Build.0 = Release|Any CPU
		{AA550545-A255-4F92-B883-436F9731B025}.Debug|Any CPU.ActiveCfg = Debug|Any CPU
		{AA550545-A255-4F92-B883-436F9731B025}.Debug|Any CPU.Build.0 = Debug|Any CPU
		{AA550545-A255-4F92-B883-436F9731B025}.Release|Any CPU.ActiveCfg = Release|Any CPU
		{AA550545-A255-4F92-B883-436F9731B025}.Release|Any CPU.Build.0 = Release|Any CPU
		{99935DFC-B5F0-4095-BA04-D6FA87B13B8C}.Debug|Any CPU.ActiveCfg = Debug|Any CPU
		{99935DFC-B5F0-4095-BA04-D6FA87B13B8C}.Debug|Any CPU.Build.0 = Debug|Any CPU
		{99935DFC-B5F0-4095-BA04-D6FA87B13B8C}.Release|Any CPU.ActiveCfg = Release|Any CPU
		{99935DFC-B5F0-4095-BA04-D6FA87B13B8C}.Release|Any CPU.Build.0 = Release|Any CPU
		{3321E78C-538C-44A5-9DB0-25A4FEC709A5}.Debug|Any CPU.ActiveCfg = Debug|Any CPU
		{3321E78C-538C-44A5-9DB0-25A4FEC709A5}.Debug|Any CPU.Build.0 = Debug|Any CPU
		{3321E78C-538C-44A5-9DB0-25A4FEC709A5}.Release|Any CPU.ActiveCfg = Release|Any CPU
		{3321E78C-538C-44A5-9DB0-25A4FEC709A5}.Release|Any CPU.Build.0 = Release|Any CPU
		{A62C953E-B2F8-42AF-9844-8E2007F7A0C1}.Debug|Any CPU.ActiveCfg = Debug|Any CPU
		{A62C953E-B2F8-42AF-9844-8E2007F7A0C1}.Debug|Any CPU.Build.0 = Debug|Any CPU
		{A62C953E-B2F8-42AF-9844-8E2007F7A0C1}.Release|Any CPU.ActiveCfg = Release|Any CPU
		{A62C953E-B2F8-42AF-9844-8E2007F7A0C1}.Release|Any CPU.Build.0 = Release|Any CPU
		{D63B2F83-D458-4D27-8605-BC17C63EC9C0}.Debug|Any CPU.ActiveCfg = Debug|Any CPU
		{D63B2F83-D458-4D27-8605-BC17C63EC9C0}.Debug|Any CPU.Build.0 = Debug|Any CPU
		{D63B2F83-D458-4D27-8605-BC17C63EC9C0}.Release|Any CPU.ActiveCfg = Release|Any CPU
		{D63B2F83-D458-4D27-8605-BC17C63EC9C0}.Release|Any CPU.Build.0 = Release|Any CPU
		{9FA9A045-C03F-4CED-B692-BBF54B4F5569}.Debug|Any CPU.ActiveCfg = Debug|Any CPU
		{9FA9A045-C03F-4CED-B692-BBF54B4F5569}.Debug|Any CPU.Build.0 = Debug|Any CPU
		{9FA9A045-C03F-4CED-B692-BBF54B4F5569}.Release|Any CPU.ActiveCfg = Release|Any CPU
		{9FA9A045-C03F-4CED-B692-BBF54B4F5569}.Release|Any CPU.Build.0 = Release|Any CPU
		{01FC2B99-B2EE-4259-BA0F-B5CB760EA00B}.Debug|Any CPU.ActiveCfg = Debug|Any CPU
		{01FC2B99-B2EE-4259-BA0F-B5CB760EA00B}.Debug|Any CPU.Build.0 = Debug|Any CPU
		{01FC2B99-B2EE-4259-BA0F-B5CB760EA00B}.Release|Any CPU.ActiveCfg = Release|Any CPU
		{01FC2B99-B2EE-4259-BA0F-B5CB760EA00B}.Release|Any CPU.Build.0 = Release|Any CPU
		{2E274E07-E098-414D-A4C5-19C15FFD789F}.Debug|Any CPU.ActiveCfg = Debug|Any CPU
		{2E274E07-E098-414D-A4C5-19C15FFD789F}.Debug|Any CPU.Build.0 = Debug|Any CPU
		{2E274E07-E098-414D-A4C5-19C15FFD789F}.Release|Any CPU.ActiveCfg = Release|Any CPU
		{2E274E07-E098-414D-A4C5-19C15FFD789F}.Release|Any CPU.Build.0 = Release|Any CPU
		{7BAA1D21-2C5A-413E-AD70-7F87267E1ED2}.Debug|Any CPU.ActiveCfg = Debug|Any CPU
		{7BAA1D21-2C5A-413E-AD70-7F87267E1ED2}.Debug|Any CPU.Build.0 = Debug|Any CPU
		{7BAA1D21-2C5A-413E-AD70-7F87267E1ED2}.Release|Any CPU.ActiveCfg = Release|Any CPU
		{7BAA1D21-2C5A-413E-AD70-7F87267E1ED2}.Release|Any CPU.Build.0 = Release|Any CPU
	EndGlobalSection
	GlobalSection(SolutionProperties) = preSolution
		HideSolutionNode = FALSE
	EndGlobalSection
	GlobalSection(NestedProjects) = preSolution
		{B4D45B8C-1B2B-49B1-BE39-04F4FB45BF39} = {065063D5-D1FE-4955-A489-6F3E52154B8E}
		{E61037CC-67F5-4875-8F33-C355D4FE0CA2} = {511F6CF8-DCD6-450D-BD68-80E6CAED48CF}
		{11E4BD73-0C8E-4539-9F16-0996086A3CA8} = {511F6CF8-DCD6-450D-BD68-80E6CAED48CF}
		{B0484653-72FB-496C-9C09-1BCF2A5B2FC9} = {511F6CF8-DCD6-450D-BD68-80E6CAED48CF}
		{2F590895-5417-49CE-A3FD-48E5CA296D93} = {511F6CF8-DCD6-450D-BD68-80E6CAED48CF}
		{06850500-F79B-4FBD-B23E-2B907F7B40FF} = {065063D5-D1FE-4955-A489-6F3E52154B8E}
		{2B22A0C4-708E-47CD-8F8B-F2BA25929F44} = {065063D5-D1FE-4955-A489-6F3E52154B8E}
		{AFF69063-F9E0-483E-ACDF-639A94C6A0F3} = {065063D5-D1FE-4955-A489-6F3E52154B8E}
		{9B391836-BD2E-4875-9F8E-9F46C28ACDDA} = {065063D5-D1FE-4955-A489-6F3E52154B8E}
		{E8F410AB-862F-4A71-A460-672DC547C756} = {065063D5-D1FE-4955-A489-6F3E52154B8E}
		{B9F895AA-273D-4FB0-9DBF-F165ECAD0B47} = {065063D5-D1FE-4955-A489-6F3E52154B8E}
		{2E2BDB20-8771-41EE-AEAF-62C20EA56C70} = {B9F895AA-273D-4FB0-9DBF-F165ECAD0B47}
		{0BA17008-ADC8-4080-B499-69101E8F176E} = {B9F895AA-273D-4FB0-9DBF-F165ECAD0B47}
		{81B5F5DA-D8F7-456F-9F5C-45D3AAA2791A} = {B9F895AA-273D-4FB0-9DBF-F165ECAD0B47}
		{9A76304A-27B1-441F-BF4F-556F8BA34FBB} = {B9F895AA-273D-4FB0-9DBF-F165ECAD0B47}
		{F12C3C9D-D818-4FA5-958F-93F64AF57181} = {065063D5-D1FE-4955-A489-6F3E52154B8E}
		{E2358E6F-37E9-48F5-960E-EF81679BC066} = {511F6CF8-DCD6-450D-BD68-80E6CAED48CF}
		{5C6CE79D-8E61-43EF-8118-7CCC61051AFC} = {511F6CF8-DCD6-450D-BD68-80E6CAED48CF}
		{CE23FD96-2942-4B40-AECF-6343A51035F7} = {511F6CF8-DCD6-450D-BD68-80E6CAED48CF}
		{4D7210F9-10FF-4DE0-A6EF-F58A88558D2D} = {511F6CF8-DCD6-450D-BD68-80E6CAED48CF}
		{99935DFC-B5F0-4095-BA04-D6FA87B13B8C} = {065063D5-D1FE-4955-A489-6F3E52154B8E}
		{3321E78C-538C-44A5-9DB0-25A4FEC709A5} = {065063D5-D1FE-4955-A489-6F3E52154B8E}
		{A62C953E-B2F8-42AF-9844-8E2007F7A0C1} = {065063D5-D1FE-4955-A489-6F3E52154B8E}
		{D63B2F83-D458-4D27-8605-BC17C63EC9C0} = {065063D5-D1FE-4955-A489-6F3E52154B8E}
		{9FA9A045-C03F-4CED-B692-BBF54B4F5569} = {065063D5-D1FE-4955-A489-6F3E52154B8E}
		{01FC2B99-B2EE-4259-BA0F-B5CB760EA00B} = {065063D5-D1FE-4955-A489-6F3E52154B8E}
	EndGlobalSection
	GlobalSection(ExtensibilityGlobals) = postSolution
		SolutionGuid = {81B3E4FC-6545-4A95-82E6-D107D42CAD72}
	EndGlobalSection
EndGlobal
