
Microsoft Visual Studio Solution File, Format Version 12.00
# Visual Studio 15
VisualStudioVersion = 15.0.28307.168
MinimumVisualStudioVersion = 10.0.40219.1
Project("{FAE04EC0-301F-11D3-BF4B-00C04F79EFBC}") = "FizzBuzz", "FizzBuzz\FizzBuzz.csproj", "{42A2D817-205F-4676-A26B-D8431B893E56}"
EndProject
Project("{FAE04EC0-301F-11D3-BF4B-00C04F79EFBC}") = "FizzBuzz.Tests", "FizzBuzz.Tests\FizzBuzz.Tests.csproj", "{CEB66AF2-2573-4CB6-9CFC-45D08C7C9625}"
EndProject
Project("{FAE04EC0-301F-11D3-BF4B-00C04F79EFBC}") = "ScoreKeeper.Tests", "ScoreKeeper.Tests\ScoreKeeper.Tests.csproj", "{120A7B7B-25F1-40DB-8AA8-B3AFDDF5F746}"
EndProject
Project("{FAE04EC0-301F-11D3-BF4B-00C04F79EFBC}") = "ScoreKeeper", "ScoreKeeper\ScoreKeeper.csproj", "{9BDB2C28-C74A-4765-8F5C-86A4C13B7799}"
EndProject
Project("{FAE04EC0-301F-11D3-BF4B-00C04F79EFBC}") = "ScoreKeeperTellDontAsk", "ScoreKeeperTellDontAsk\ScoreKeeperTellDontAsk.csproj", "{52ED871A-CCE7-496D-B801-778501171BAF}"
EndProject
Project("{FAE04EC0-301F-11D3-BF4B-00C04F79EFBC}") = "ScoreKeeperTellDontAsk.Tests", "ScoreKeeperTellDontAsk.Tests\ScoreKeeperTellDontAsk.Tests.csproj", "{17AB5102-D64B-4145-BD80-1B5496CEC0AF}"
EndProject
Project("{FAE04EC0-301F-11D3-BF4B-00C04F79EFBC}") = "GossipingBusDrivers", "GossipingBusDrivers\GossipingBusDrivers.csproj", "{69BDB783-B1D2-408E-84CE-00E35CB432DB}"
EndProject
Project("{FAE04EC0-301F-11D3-BF4B-00C04F79EFBC}") = "GossipingBusDrivers.Tests", "GossipingBusDrivers.Tests\GossipingBusDrivers.Tests.csproj", "{5BC7CF72-8754-4CD8-A597-A0A3F3EC01AF}"
EndProject
Project("{FAE04EC0-301F-11D3-BF4B-00C04F79EFBC}") = "TripServiceKata", "TripServiceKata\TripServiceKata.csproj", "{45E49CBA-0800-4391-AD80-E23837C66D95}"
EndProject
Project("{FAE04EC0-301F-11D3-BF4B-00C04F79EFBC}") = "TripServiceKata.Tests", "TripServiceKata.Tests\TripServiceKata.Tests.csproj", "{41370430-26A5-44FE-A12D-D63ECD369009}"
EndProject
Project("{2150E333-8FDC-42A3-9474-1A3956D46DE8}") = "IAmTimCoreyWeekly", "IAmTimCoreyWeekly", "{065063D5-D1FE-4955-A489-6F3E52154B8E}"
EndProject
Project("{9A19103F-16F7-4668-BE54-9A1E7A4F7556}") = "CalculationsLibrary", "IAmTimCoreyWeekly\CalculationsLibrary\CalculationsLibrary.csproj", "{B4D45B8C-1B2B-49B1-BE39-04F4FB45BF39}"
EndProject
Project("{FAE04EC0-301F-11D3-BF4B-00C04F79EFBC}") = "CalculationsLibrary.Tests", "CalculationsLibrary.Tests\CalculationsLibrary.Tests.csproj", "{2B22A0C4-708E-47CD-8F8B-F2BA25929F44}"
EndProject
Project("{2150E333-8FDC-42A3-9474-1A3956D46DE8}") = "Microsoft", "Microsoft", "{511F6CF8-DCD6-450D-BD68-80E6CAED48CF}"
EndProject
Project("{FAE04EC0-301F-11D3-BF4B-00C04F79EFBC}") = "PeriodOfArray", "Microsoft\PeriodOfArray\PeriodOfArray.csproj", "{E61037CC-67F5-4875-8F33-C355D4FE0CA2}"
EndProject
Project("{FAE04EC0-301F-11D3-BF4B-00C04F79EFBC}") = "PeriodOfArray.Tests", "Microsoft\PeriodOfArray.Tests\PeriodOfArray.Tests.csproj", "{11E4BD73-0C8E-4539-9F16-0996086A3CA8}"
EndProject
Project("{FAE04EC0-301F-11D3-BF4B-00C04F79EFBC}") = "IsomorphicStrings", "Microsoft\IsomorphicStrings\IsomorphicStrings.csproj", "{B0484653-72FB-496C-9C09-1BCF2A5B2FC9}"
EndProject
Project("{FAE04EC0-301F-11D3-BF4B-00C04F79EFBC}") = "IsomorphicStrings.Tests", "Microsoft\IsomorphicStrings.Tests\IsomorphicStrings.Tests.csproj", "{2F590895-5417-49CE-A3FD-48E5CA296D93}"
EndProject
Project("{FAE04EC0-301F-11D3-BF4B-00C04F79EFBC}") = "CalculationChallenge", "CalculationChallenge\CalculationChallenge.csproj", "{06850500-F79B-4FBD-B23E-2B907F7B40FF}"
EndProject
Project("{FAE04EC0-301F-11D3-BF4B-00C04F79EFBC}") = "PartialListReverse", "PartialListReverse\PartialListReverse.csproj", "{CE23FD96-2942-4B40-AECF-6343A51035F7}"
EndProject
Project("{FAE04EC0-301F-11D3-BF4B-00C04F79EFBC}") = "PartialListReverse.Tests", "PartialListReverse.Tests\PartialListReverse.Tests.csproj", "{4D7210F9-10FF-4DE0-A6EF-F58A88558D2D}"
EndProject
Project("{FAE04EC0-301F-11D3-BF4B-00C04F79EFBC}") = "ConvertingArrayToTree", "ConvertingArrayToTree\ConvertingArrayToTree.csproj", "{E2358E6F-37E9-48F5-960E-EF81679BC066}"
EndProject
Project("{FAE04EC0-301F-11D3-BF4B-00C04F79EFBC}") = "ConvertingArrayToTree.Tests", "ConvertingArrayToTree.Tests\ConvertingArrayToTree.Tests.csproj", "{5C6CE79D-8E61-43EF-8118-7CCC61051AFC}"
EndProject
Global
	GlobalSection(SolutionConfigurationPlatforms) = preSolution
		Debug|Any CPU = Debug|Any CPU
		Release|Any CPU = Release|Any CPU
	EndGlobalSection
	GlobalSection(ProjectConfigurationPlatforms) = postSolution
		{42A2D817-205F-4676-A26B-D8431B893E56}.Debug|Any CPU.ActiveCfg = Debug|Any CPU
		{42A2D817-205F-4676-A26B-D8431B893E56}.Debug|Any CPU.Build.0 = Debug|Any CPU
		{42A2D817-205F-4676-A26B-D8431B893E56}.Release|Any CPU.ActiveCfg = Release|Any CPU
		{42A2D817-205F-4676-A26B-D8431B893E56}.Release|Any CPU.Build.0 = Release|Any CPU
		{CEB66AF2-2573-4CB6-9CFC-45D08C7C9625}.Debug|Any CPU.ActiveCfg = Debug|Any CPU
		{CEB66AF2-2573-4CB6-9CFC-45D08C7C9625}.Debug|Any CPU.Build.0 = Debug|Any CPU
		{CEB66AF2-2573-4CB6-9CFC-45D08C7C9625}.Release|Any CPU.ActiveCfg = Release|Any CPU
		{CEB66AF2-2573-4CB6-9CFC-45D08C7C9625}.Release|Any CPU.Build.0 = Release|Any CPU
		{120A7B7B-25F1-40DB-8AA8-B3AFDDF5F746}.Debug|Any CPU.ActiveCfg = Debug|Any CPU
		{120A7B7B-25F1-40DB-8AA8-B3AFDDF5F746}.Debug|Any CPU.Build.0 = Debug|Any CPU
		{120A7B7B-25F1-40DB-8AA8-B3AFDDF5F746}.Release|Any CPU.ActiveCfg = Release|Any CPU
		{120A7B7B-25F1-40DB-8AA8-B3AFDDF5F746}.Release|Any CPU.Build.0 = Release|Any CPU
		{9BDB2C28-C74A-4765-8F5C-86A4C13B7799}.Debug|Any CPU.ActiveCfg = Debug|Any CPU
		{9BDB2C28-C74A-4765-8F5C-86A4C13B7799}.Debug|Any CPU.Build.0 = Debug|Any CPU
		{9BDB2C28-C74A-4765-8F5C-86A4C13B7799}.Release|Any CPU.ActiveCfg = Release|Any CPU
		{9BDB2C28-C74A-4765-8F5C-86A4C13B7799}.Release|Any CPU.Build.0 = Release|Any CPU
		{52ED871A-CCE7-496D-B801-778501171BAF}.Debug|Any CPU.ActiveCfg = Debug|Any CPU
		{52ED871A-CCE7-496D-B801-778501171BAF}.Debug|Any CPU.Build.0 = Debug|Any CPU
		{52ED871A-CCE7-496D-B801-778501171BAF}.Release|Any CPU.ActiveCfg = Release|Any CPU
		{52ED871A-CCE7-496D-B801-778501171BAF}.Release|Any CPU.Build.0 = Release|Any CPU
		{17AB5102-D64B-4145-BD80-1B5496CEC0AF}.Debug|Any CPU.ActiveCfg = Debug|Any CPU
		{17AB5102-D64B-4145-BD80-1B5496CEC0AF}.Debug|Any CPU.Build.0 = Debug|Any CPU
		{17AB5102-D64B-4145-BD80-1B5496CEC0AF}.Release|Any CPU.ActiveCfg = Release|Any CPU
		{17AB5102-D64B-4145-BD80-1B5496CEC0AF}.Release|Any CPU.Build.0 = Release|Any CPU
		{69BDB783-B1D2-408E-84CE-00E35CB432DB}.Debug|Any CPU.ActiveCfg = Debug|Any CPU
		{69BDB783-B1D2-408E-84CE-00E35CB432DB}.Debug|Any CPU.Build.0 = Debug|Any CPU
		{69BDB783-B1D2-408E-84CE-00E35CB432DB}.Release|Any CPU.ActiveCfg = Release|Any CPU
		{69BDB783-B1D2-408E-84CE-00E35CB432DB}.Release|Any CPU.Build.0 = Release|Any CPU
		{5BC7CF72-8754-4CD8-A597-A0A3F3EC01AF}.Debug|Any CPU.ActiveCfg = Debug|Any CPU
		{5BC7CF72-8754-4CD8-A597-A0A3F3EC01AF}.Debug|Any CPU.Build.0 = Debug|Any CPU
		{5BC7CF72-8754-4CD8-A597-A0A3F3EC01AF}.Release|Any CPU.ActiveCfg = Release|Any CPU
		{5BC7CF72-8754-4CD8-A597-A0A3F3EC01AF}.Release|Any CPU.Build.0 = Release|Any CPU
		{45E49CBA-0800-4391-AD80-E23837C66D95}.Debug|Any CPU.ActiveCfg = Debug|Any CPU
		{45E49CBA-0800-4391-AD80-E23837C66D95}.Debug|Any CPU.Build.0 = Debug|Any CPU
		{45E49CBA-0800-4391-AD80-E23837C66D95}.Release|Any CPU.ActiveCfg = Release|Any CPU
		{45E49CBA-0800-4391-AD80-E23837C66D95}.Release|Any CPU.Build.0 = Release|Any CPU
		{41370430-26A5-44FE-A12D-D63ECD369009}.Debug|Any CPU.ActiveCfg = Debug|Any CPU
		{41370430-26A5-44FE-A12D-D63ECD369009}.Debug|Any CPU.Build.0 = Debug|Any CPU
		{41370430-26A5-44FE-A12D-D63ECD369009}.Release|Any CPU.ActiveCfg = Release|Any CPU
		{41370430-26A5-44FE-A12D-D63ECD369009}.Release|Any CPU.Build.0 = Release|Any CPU
		{B4D45B8C-1B2B-49B1-BE39-04F4FB45BF39}.Debug|Any CPU.ActiveCfg = Debug|Any CPU
		{B4D45B8C-1B2B-49B1-BE39-04F4FB45BF39}.Debug|Any CPU.Build.0 = Debug|Any CPU
		{B4D45B8C-1B2B-49B1-BE39-04F4FB45BF39}.Release|Any CPU.ActiveCfg = Release|Any CPU
		{B4D45B8C-1B2B-49B1-BE39-04F4FB45BF39}.Release|Any CPU.Build.0 = Release|Any CPU
		{2B22A0C4-708E-47CD-8F8B-F2BA25929F44}.Debug|Any CPU.ActiveCfg = Debug|Any CPU
		{2B22A0C4-708E-47CD-8F8B-F2BA25929F44}.Debug|Any CPU.Build.0 = Debug|Any CPU
		{2B22A0C4-708E-47CD-8F8B-F2BA25929F44}.Release|Any CPU.ActiveCfg = Release|Any CPU
		{2B22A0C4-708E-47CD-8F8B-F2BA25929F44}.Release|Any CPU.Build.0 = Release|Any CPU
		{E61037CC-67F5-4875-8F33-C355D4FE0CA2}.Debug|Any CPU.ActiveCfg = Debug|Any CPU
		{E61037CC-67F5-4875-8F33-C355D4FE0CA2}.Debug|Any CPU.Build.0 = Debug|Any CPU
		{E61037CC-67F5-4875-8F33-C355D4FE0CA2}.Release|Any CPU.ActiveCfg = Release|Any CPU
		{E61037CC-67F5-4875-8F33-C355D4FE0CA2}.Release|Any CPU.Build.0 = Release|Any CPU
		{11E4BD73-0C8E-4539-9F16-0996086A3CA8}.Debug|Any CPU.ActiveCfg = Debug|Any CPU
		{11E4BD73-0C8E-4539-9F16-0996086A3CA8}.Debug|Any CPU.Build.0 = Debug|Any CPU
		{11E4BD73-0C8E-4539-9F16-0996086A3CA8}.Release|Any CPU.ActiveCfg = Release|Any CPU
		{11E4BD73-0C8E-4539-9F16-0996086A3CA8}.Release|Any CPU.Build.0 = Release|Any CPU
		{B0484653-72FB-496C-9C09-1BCF2A5B2FC9}.Debug|Any CPU.ActiveCfg = Debug|Any CPU
		{B0484653-72FB-496C-9C09-1BCF2A5B2FC9}.Debug|Any CPU.Build.0 = Debug|Any CPU
		{B0484653-72FB-496C-9C09-1BCF2A5B2FC9}.Release|Any CPU.ActiveCfg = Release|Any CPU
		{B0484653-72FB-496C-9C09-1BCF2A5B2FC9}.Release|Any CPU.Build.0 = Release|Any CPU
		{2F590895-5417-49CE-A3FD-48E5CA296D93}.Debug|Any CPU.ActiveCfg = Debug|Any CPU
		{2F590895-5417-49CE-A3FD-48E5CA296D93}.Debug|Any CPU.Build.0 = Debug|Any CPU
		{2F590895-5417-49CE-A3FD-48E5CA296D93}.Release|Any CPU.ActiveCfg = Release|Any CPU
		{2F590895-5417-49CE-A3FD-48E5CA296D93}.Release|Any CPU.Build.0 = Release|Any CPU
		{06850500-F79B-4FBD-B23E-2B907F7B40FF}.Debug|Any CPU.ActiveCfg = Debug|Any CPU
		{06850500-F79B-4FBD-B23E-2B907F7B40FF}.Debug|Any CPU.Build.0 = Debug|Any CPU
		{06850500-F79B-4FBD-B23E-2B907F7B40FF}.Release|Any CPU.ActiveCfg = Release|Any CPU
		{06850500-F79B-4FBD-B23E-2B907F7B40FF}.Release|Any CPU.Build.0 = Release|Any CPU
		{CE23FD96-2942-4B40-AECF-6343A51035F7}.Debug|Any CPU.ActiveCfg = Debug|Any CPU
		{CE23FD96-2942-4B40-AECF-6343A51035F7}.Debug|Any CPU.Build.0 = Debug|Any CPU
		{CE23FD96-2942-4B40-AECF-6343A51035F7}.Release|Any CPU.ActiveCfg = Release|Any CPU
		{CE23FD96-2942-4B40-AECF-6343A51035F7}.Release|Any CPU.Build.0 = Release|Any CPU
		{4D7210F9-10FF-4DE0-A6EF-F58A88558D2D}.Debug|Any CPU.ActiveCfg = Debug|Any CPU
		{4D7210F9-10FF-4DE0-A6EF-F58A88558D2D}.Debug|Any CPU.Build.0 = Debug|Any CPU
		{4D7210F9-10FF-4DE0-A6EF-F58A88558D2D}.Release|Any CPU.ActiveCfg = Release|Any CPU
		{4D7210F9-10FF-4DE0-A6EF-F58A88558D2D}.Release|Any CPU.Build.0 = Release|Any CPU
		{E2358E6F-37E9-48F5-960E-EF81679BC066}.Debug|Any CPU.ActiveCfg = Debug|Any CPU
		{E2358E6F-37E9-48F5-960E-EF81679BC066}.Debug|Any CPU.Build.0 = Debug|Any CPU
		{E2358E6F-37E9-48F5-960E-EF81679BC066}.Release|Any CPU.ActiveCfg = Release|Any CPU
		{E2358E6F-37E9-48F5-960E-EF81679BC066}.Release|Any CPU.Build.0 = Release|Any CPU
		{5C6CE79D-8E61-43EF-8118-7CCC61051AFC}.Debug|Any CPU.ActiveCfg = Debug|Any CPU
		{5C6CE79D-8E61-43EF-8118-7CCC61051AFC}.Debug|Any CPU.Build.0 = Debug|Any CPU
		{5C6CE79D-8E61-43EF-8118-7CCC61051AFC}.Release|Any CPU.ActiveCfg = Release|Any CPU
		{5C6CE79D-8E61-43EF-8118-7CCC61051AFC}.Release|Any CPU.Build.0 = Release|Any CPU
	EndGlobalSection
	GlobalSection(SolutionProperties) = preSolution
		HideSolutionNode = FALSE
	EndGlobalSection
	GlobalSection(NestedProjects) = preSolution
		{B4D45B8C-1B2B-49B1-BE39-04F4FB45BF39} = {065063D5-D1FE-4955-A489-6F3E52154B8E}
		{2B22A0C4-708E-47CD-8F8B-F2BA25929F44} = {065063D5-D1FE-4955-A489-6F3E52154B8E}
		{E61037CC-67F5-4875-8F33-C355D4FE0CA2} = {511F6CF8-DCD6-450D-BD68-80E6CAED48CF}
		{11E4BD73-0C8E-4539-9F16-0996086A3CA8} = {511F6CF8-DCD6-450D-BD68-80E6CAED48CF}
		{B0484653-72FB-496C-9C09-1BCF2A5B2FC9} = {511F6CF8-DCD6-450D-BD68-80E6CAED48CF}
		{2F590895-5417-49CE-A3FD-48E5CA296D93} = {511F6CF8-DCD6-450D-BD68-80E6CAED48CF}
		{06850500-F79B-4FBD-B23E-2B907F7B40FF} = {065063D5-D1FE-4955-A489-6F3E52154B8E}
		{CE23FD96-2942-4B40-AECF-6343A51035F7} = {511F6CF8-DCD6-450D-BD68-80E6CAED48CF}
		{4D7210F9-10FF-4DE0-A6EF-F58A88558D2D} = {511F6CF8-DCD6-450D-BD68-80E6CAED48CF}
		{E2358E6F-37E9-48F5-960E-EF81679BC066} = {511F6CF8-DCD6-450D-BD68-80E6CAED48CF}
		{5C6CE79D-8E61-43EF-8118-7CCC61051AFC} = {511F6CF8-DCD6-450D-BD68-80E6CAED48CF}
	EndGlobalSection
	GlobalSection(ExtensibilityGlobals) = postSolution
		SolutionGuid = {81B3E4FC-6545-4A95-82E6-D107D42CAD72}
	EndGlobalSection
EndGlobal
