
Microsoft Visual Studio Solution File, Format Version 12.00
# Visual Studio Version 17
VisualStudioVersion = 17.2.32526.322
MinimumVisualStudioVersion = 10.0.40219.1
Project("{9A19103F-16F7-4668-BE54-9A1E7A4F7556}") = "FizzBuzz", "FizzBuzz\FizzBuzz.csproj", "{42A2D817-205F-4676-A26B-D8431B893E56}"
EndProject
Project("{9A19103F-16F7-4668-BE54-9A1E7A4F7556}") = "FizzBuzz.Tests", "FizzBuzz.Tests\FizzBuzz.Tests.csproj", "{CEB66AF2-2573-4CB6-9CFC-45D08C7C9625}"
EndProject
Project("{9A19103F-16F7-4668-BE54-9A1E7A4F7556}") = "ScoreKeeper.Tests", "ScoreKeeper.Tests\ScoreKeeper.Tests.csproj", "{120A7B7B-25F1-40DB-8AA8-B3AFDDF5F746}"
EndProject
Project("{9A19103F-16F7-4668-BE54-9A1E7A4F7556}") = "ScoreKeeper", "ScoreKeeper\ScoreKeeper.csproj", "{9BDB2C28-C74A-4765-8F5C-86A4C13B7799}"
EndProject
Project("{9A19103F-16F7-4668-BE54-9A1E7A4F7556}") = "ScoreKeeperTellDontAsk", "ScoreKeeperTellDontAsk\ScoreKeeperTellDontAsk.csproj", "{52ED871A-CCE7-496D-B801-778501171BAF}"
EndProject
Project("{9A19103F-16F7-4668-BE54-9A1E7A4F7556}") = "ScoreKeeperTellDontAsk.Tests", "ScoreKeeperTellDontAsk.Tests\ScoreKeeperTellDontAsk.Tests.csproj", "{17AB5102-D64B-4145-BD80-1B5496CEC0AF}"
EndProject
Project("{9A19103F-16F7-4668-BE54-9A1E7A4F7556}") = "GossipingBusDrivers", "GossipingBusDrivers\GossipingBusDrivers.csproj", "{69BDB783-B1D2-408E-84CE-00E35CB432DB}"
EndProject
Project("{9A19103F-16F7-4668-BE54-9A1E7A4F7556}") = "GossipingBusDrivers.Tests", "GossipingBusDrivers.Tests\GossipingBusDrivers.Tests.csproj", "{5BC7CF72-8754-4CD8-A597-A0A3F3EC01AF}"
EndProject
Project("{9A19103F-16F7-4668-BE54-9A1E7A4F7556}") = "TripServiceKata", "TripServiceKata\TripServiceKata.csproj", "{45E49CBA-0800-4391-AD80-E23837C66D95}"
EndProject
Project("{9A19103F-16F7-4668-BE54-9A1E7A4F7556}") = "TripServiceKata.Tests", "TripServiceKata.Tests\TripServiceKata.Tests.csproj", "{41370430-26A5-44FE-A12D-D63ECD369009}"
EndProject
Project("{2150E333-8FDC-42A3-9474-1A3956D46DE8}") = "IAmTimCoreyWeekly", "IAmTimCoreyWeekly", "{065063D5-D1FE-4955-A489-6F3E52154B8E}"
EndProject
Project("{9A19103F-16F7-4668-BE54-9A1E7A4F7556}") = "CalculationsLibrary", "IAmTimCoreyWeekly\CalculationsLibrary\CalculationsLibrary.csproj", "{B4D45B8C-1B2B-49B1-BE39-04F4FB45BF39}"
EndProject
Project("{2150E333-8FDC-42A3-9474-1A3956D46DE8}") = "Microsoft", "Microsoft", "{511F6CF8-DCD6-450D-BD68-80E6CAED48CF}"
EndProject
Project("{9A19103F-16F7-4668-BE54-9A1E7A4F7556}") = "PeriodOfArray", "Microsoft\PeriodOfArray\PeriodOfArray.csproj", "{E61037CC-67F5-4875-8F33-C355D4FE0CA2}"
EndProject
Project("{9A19103F-16F7-4668-BE54-9A1E7A4F7556}") = "PeriodOfArray.Tests", "Microsoft\PeriodOfArray.Tests\PeriodOfArray.Tests.csproj", "{11E4BD73-0C8E-4539-9F16-0996086A3CA8}"
EndProject
Project("{9A19103F-16F7-4668-BE54-9A1E7A4F7556}") = "IsomorphicStrings", "Microsoft\IsomorphicStrings\IsomorphicStrings.csproj", "{B0484653-72FB-496C-9C09-1BCF2A5B2FC9}"
EndProject
Project("{9A19103F-16F7-4668-BE54-9A1E7A4F7556}") = "IsomorphicStrings.Tests", "Microsoft\IsomorphicStrings.Tests\IsomorphicStrings.Tests.csproj", "{2F590895-5417-49CE-A3FD-48E5CA296D93}"
EndProject
Project("{9A19103F-16F7-4668-BE54-9A1E7A4F7556}") = "SomethingToEaseYourTroubledMind", "SomethingToEaseYourTroubledMind\SomethingToEaseYourTroubledMind.csproj", "{9010A237-04C3-4CDC-BCC8-44B8F7FB2D14}"
EndProject
Project("{9A19103F-16F7-4668-BE54-9A1E7A4F7556}") = "GildedRose", "GildedRose\GildedRose.csproj", "{8B227DAF-B209-48AB-8C08-06F337B319C2}"
EndProject
Project("{9A19103F-16F7-4668-BE54-9A1E7A4F7556}") = "GildedRose.Tests", "GildedRose.Tests\GildedRose.Tests.csproj", "{10E1F544-5A8A-495B-8BA6-BD05A624CA4F}"
EndProject
Project("{9A19103F-16F7-4668-BE54-9A1E7A4F7556}") = "CalculationChallenge", "IAmTimCoreyWeekly\CalculationChallenge\CalculationChallenge.csproj", "{06850500-F79B-4FBD-B23E-2B907F7B40FF}"
EndProject
Project("{9A19103F-16F7-4668-BE54-9A1E7A4F7556}") = "CalculationsLibrary.Tests", "IAmTimCoreyWeekly\CalculationsLibrary.Tests\CalculationsLibrary.Tests.csproj", "{2B22A0C4-708E-47CD-8F8B-F2BA25929F44}"
EndProject
Project("{9A19103F-16F7-4668-BE54-9A1E7A4F7556}") = "LinqWeeklyChallenge", "IAmTimCoreyWeekly\LinqWeeklyChallenge\LinqWeeklyChallenge.csproj", "{AFF69063-F9E0-483E-ACDF-639A94C6A0F3}"
EndProject
Project("{9A19103F-16F7-4668-BE54-9A1E7A4F7556}") = "LinqWeeklyChallenge.Tests", "IAmTimCoreyWeekly\LinqWeeklyChallenge.Tests\LinqWeeklyChallenge.Tests.csproj", "{9B391836-BD2E-4875-9F8E-9F46C28ACDDA}"
EndProject
Project("{9A19103F-16F7-4668-BE54-9A1E7A4F7556}") = "TextFileChallenge", "IAmTimCoreyWeekly\TextFileChallenge\TextFileChallenge.csproj", "{E8F410AB-862F-4A71-A460-672DC547C756}"
EndProject
Project("{2150E333-8FDC-42A3-9474-1A3956D46DE8}") = "RefactoringChallenge", "RefactoringChallenge", "{B9F895AA-273D-4FB0-9DBF-F165ECAD0B47}"
EndProject
Project("{9A19103F-16F7-4668-BE54-9A1E7A4F7556}") = "WinFormApp", "IAmTimCoreyWeekly\RefactoringChallenge\WinFormApp\WinFormApp.csproj", "{2E2BDB20-8771-41EE-AEAF-62C20EA56C70}"
EndProject
Project("{9A19103F-16F7-4668-BE54-9A1E7A4F7556}") = "ConsoleApp", "IAmTimCoreyWeekly\RefactoringChallenge\ConsoleApp\ConsoleApp.csproj", "{0BA17008-ADC8-4080-B499-69101E8F176E}"
EndProject
Project("{9A19103F-16F7-4668-BE54-9A1E7A4F7556}") = "DapperDemo.DAL", "IAmTimCoreyWeekly\RefactoringChallenge\DapperDemo.DAL\DapperDemo.DAL.csproj", "{9A76304A-27B1-441F-BF4F-556F8BA34FBB}"
EndProject
Project("{9A19103F-16F7-4668-BE54-9A1E7A4F7556}") = "ConsoleToDoList", "IAmTimCoreyWeekly\ConsoleToDoList\ConsoleToDoList.csproj", "{F12C3C9D-D818-4FA5-958F-93F64AF57181}"
EndProject
Project("{9A19103F-16F7-4668-BE54-9A1E7A4F7556}") = "ConvertingArrayToTree", "Microsoft\ConvertingArrayToTree\ConvertingArrayToTree.csproj", "{E2358E6F-37E9-48F5-960E-EF81679BC066}"
EndProject
Project("{9A19103F-16F7-4668-BE54-9A1E7A4F7556}") = "ConvertingArrayToTree.Tests", "Microsoft\ConvertingArrayToTree.Tests\ConvertingArrayToTree.Tests.csproj", "{5C6CE79D-8E61-43EF-8118-7CCC61051AFC}"
EndProject
Project("{9A19103F-16F7-4668-BE54-9A1E7A4F7556}") = "PartialListReverse", "Microsoft\PartialListReverse\PartialListReverse.csproj", "{CE23FD96-2942-4B40-AECF-6343A51035F7}"
EndProject
Project("{9A19103F-16F7-4668-BE54-9A1E7A4F7556}") = "PartialListReverse.Tests", "Microsoft\PartialListReverse.Tests\PartialListReverse.Tests.csproj", "{4D7210F9-10FF-4DE0-A6EF-F58A88558D2D}"
EndProject
Project("{9A19103F-16F7-4668-BE54-9A1E7A4F7556}") = "Diamond", "Diamond\Diamond.csproj", "{AA550545-A255-4F92-B883-436F9731B025}"
EndProject
Project("{9A19103F-16F7-4668-BE54-9A1E7A4F7556}") = "PillReminderUI", "IAmTimCoreyWeekly\PillReminderUI\PillReminderUI.csproj", "{99935DFC-B5F0-4095-BA04-D6FA87B13B8C}"
EndProject
Project("{9A19103F-16F7-4668-BE54-9A1E7A4F7556}") = "CoinChangeChallenge", "IAmTimCoreyWeekly\CoinChangeChallenge\CoinChangeChallenge.csproj", "{3321E78C-538C-44A5-9DB0-25A4FEC709A5}"
EndProject
Project("{9A19103F-16F7-4668-BE54-9A1E7A4F7556}") = "CoinChange.Tests", "IAmTimCoreyWeekly\CoinChange.Tests\CoinChange.Tests.csproj", "{A62C953E-B2F8-42AF-9844-8E2007F7A0C1}"
EndProject
Project("{9A19103F-16F7-4668-BE54-9A1E7A4F7556}") = "APIUsageChallenge", "IAmTimCoreyWeekly\APIUsageChallenge\APIUsageChallenge.csproj", "{D63B2F83-D458-4D27-8605-BC17C63EC9C0}"
EndProject
Project("{9A19103F-16F7-4668-BE54-9A1E7A4F7556}") = "WordCountChallenge", "IAmTimCoreyWeekly\WordCountChallenge\WordCountChallenge.csproj", "{9FA9A045-C03F-4CED-B692-BBF54B4F5569}"
EndProject
Project("{9A19103F-16F7-4668-BE54-9A1E7A4F7556}") = "WordCountChallenge.Tests", "IAmTimCoreyWeekly\WordCountChallenge.Tests\WordCountChallenge.Tests.csproj", "{01FC2B99-B2EE-4259-BA0F-B5CB760EA00B}"
EndProject
Project("{9A19103F-16F7-4668-BE54-9A1E7A4F7556}") = "WordWrap", "WordWrap\WordWrap.csproj", "{2E274E07-E098-414D-A4C5-19C15FFD789F}"
EndProject
Project("{9A19103F-16F7-4668-BE54-9A1E7A4F7556}") = "WordWrap.Tests", "WordWrap.Tests\WordWrap.Tests.csproj", "{7BAA1D21-2C5A-413E-AD70-7F87267E1ED2}"
EndProject
Project("{9A19103F-16F7-4668-BE54-9A1E7A4F7556}") = "TennisGame", "TennisGame\TennisGame.csproj", "{CF6B2B15-554E-4F0F-9343-7158780C82D6}"
EndProject
Project("{9A19103F-16F7-4668-BE54-9A1E7A4F7556}") = "TennisGame.Tests", "TennisGame.Tests\TennisGame.Tests.csproj", "{8B4BEDDF-8B47-4B92-9031-6B45E4AB6705}"
EndProject
Project("{2150E333-8FDC-42A3-9474-1A3956D46DE8}") = "LeetCodeChallenges", "LeetCodeChallenges", "{74A1AE1D-5BC3-4CA1-BB94-B7BE7B516B5A}"
EndProject
Project("{9A19103F-16F7-4668-BE54-9A1E7A4F7556}") = "MaxAreaOfIsland", "LeetCodeChallenges\MaxAreaOfIsland\MaxAreaOfIsland.csproj", "{DCAB221C-C85F-4A49-A41F-1AF6C2223C5B}"
EndProject
Project("{9A19103F-16F7-4668-BE54-9A1E7A4F7556}") = "PrintFooBarAlternately", "LeetCodeChallenges\PrintFooBarAlternately\PrintFooBarAlternately.csproj", "{C741D037-2D14-46D0-8170-667F022063D7}"
EndProject
Project("{9A19103F-16F7-4668-BE54-9A1E7A4F7556}") = "PrintInOrder", "LeetCodeChallenges\PrintInOrder\PrintInOrder.csproj", "{68FC9CC8-3ADD-4BFB-AE42-B8A796FB1AED}"
EndProject
Project("{9A19103F-16F7-4668-BE54-9A1E7A4F7556}") = "NumberOfMatchingSubsequences", "LeetCodeChallenges\NumberOfMatchingSubsequences\NumberOfMatchingSubsequences.csproj", "{D604DFFF-AFA4-44F1-8B35-DBDD328271C3}"
EndProject
Project("{9A19103F-16F7-4668-BE54-9A1E7A4F7556}") = "NumberOfMatchingSubsequences.Tests", "LeetCodeChallenges\NumberOfMatchingSubsequences.Tests\NumberOfMatchingSubsequences.Tests.csproj", "{69EAB829-01E6-408B-9948-852BA5E4DCA0}"
EndProject
Project("{9A19103F-16F7-4668-BE54-9A1E7A4F7556}") = "RemoveAllAdjacentDuplicatesInString", "LeetCodeChallenges\RemoveAllAdjacentDuplicatesInString\RemoveAllAdjacentDuplicatesInString.csproj", "{82EDEE11-E5EB-423A-BB47-DCD34953AA2C}"
EndProject
Project("{9A19103F-16F7-4668-BE54-9A1E7A4F7556}") = "TwoSum", "LeetCodeChallenges\TwoSum\TwoSum.csproj", "{47486C90-8F43-4459-82CA-BF43E89232FE}"
EndProject
Project("{9A19103F-16F7-4668-BE54-9A1E7A4F7556}") = "AddTwoNumbers", "LeetCodeChallenges\AddTwoNumbers\AddTwoNumbers.csproj", "{64D554E5-1589-4CF6-9ED2-42C33CE08AC0}"
EndProject
Project("{9A19103F-16F7-4668-BE54-9A1E7A4F7556}") = "AddTwoNumbers.Tests", "LeetCodeChallenges\AddTwoNumbers.Tests\AddTwoNumbers.Tests.csproj", "{3DC24983-4FC6-4A79-8790-6377D964502B}"
EndProject
Project("{9A19103F-16F7-4668-BE54-9A1E7A4F7556}") = "PushDominoes", "LeetCodeChallenges\PushDominoes\PushDominoes.csproj", "{B694EAAC-5A67-4D19-830C-3D5D1B8232F6}"
EndProject
Project("{9A19103F-16F7-4668-BE54-9A1E7A4F7556}") = "PartitionArrayIntoDisjointIntervals", "LeetCodeChallenges\PartitionArrayIntoDisjointIntervals\PartitionArrayIntoDisjointIntervals.csproj", "{A4F0179A-36EE-4941-8BB8-BC557F194270}"
EndProject
Project("{9A19103F-16F7-4668-BE54-9A1E7A4F7556}") = "Atoi", "LeetCodeChallenges\Atoi\Atoi.csproj", "{4FB8A3DC-6F13-4CB2-AE5A-AF37CA16B0E0}"
EndProject
Project("{9A19103F-16F7-4668-BE54-9A1E7A4F7556}") = "nonNegativeIntegersWithoutConsecutiveOnes", "LeetCodeChallenges\nonNegativeIntegersWithoutConsecutiveOnes\nonNegativeIntegersWithoutConsecutiveOnes.csproj", "{1A1ED774-C04C-4A38-AC98-0A6BDE7667EA}"
EndProject
Project("{9A19103F-16F7-4668-BE54-9A1E7A4F7556}") = "Subsets2", "LeetCodeChallenges\Subsets2\Subsets2.csproj", "{0A134D3F-5585-4B45-AA9C-192DC82EDCBE}"
EndProject
Project("{9A19103F-16F7-4668-BE54-9A1E7A4F7556}") = "LongestCommonPrefix", "LeetCodeChallenges\LongestCommonPrefix\LongestCommonPrefix.csproj", "{CB74F14D-14C1-40E7-88B8-4EFFD23BD12A}"
EndProject
Project("{9A19103F-16F7-4668-BE54-9A1E7A4F7556}") = "N-aryTreeLevelOrderTraversal", "LeetCodeChallenges\N-aryTreeLevelOrderTraversal\N-aryTreeLevelOrderTraversal.csproj", "{BA3D6090-6BA7-46A6-8E81-885DAF6CB309}"
EndProject
Project("{9A19103F-16F7-4668-BE54-9A1E7A4F7556}") = "GroupAnagrams", "LeetCodeChallenges\GroupAnagrams\GroupAnagrams.csproj", "{0D82CDDB-7CB7-472A-8ADD-643A27863E06}"
EndProject
Project("{9A19103F-16F7-4668-BE54-9A1E7A4F7556}") = "SortingArrayEvenOdd", "Microsoft\SortingArrayEvenOdd\SortingArrayEvenOdd.csproj", "{6167668D-FF1D-48AA-8E97-01CE75A82E4A}"
EndProject
Project("{9A19103F-16F7-4668-BE54-9A1E7A4F7556}") = "SortingArrayEvenOdd.Tests", "Microsoft\SortingArrayEvenOdd.Tests\SortingArrayEvenOdd.Tests.csproj", "{0918A26F-46C5-4976-A876-EF4FCBB645EA}"
EndProject
Project("{9A19103F-16F7-4668-BE54-9A1E7A4F7556}") = "FurthestBuildingYouCanReach", "FurthestBuildingYouCanReach\FurthestBuildingYouCanReach.csproj", "{A0FCE1E9-323F-45F9-9F8D-E62FAA354670}"
EndProject
Project("{9A19103F-16F7-4668-BE54-9A1E7A4F7556}") = "PalindromeNumber", "LeetCodeChallenges\PalindromeNumber\PalindromeNumber.csproj", "{7E372CE4-746A-4FBA-A320-EA25A8AA7E07}"
EndProject
Project("{9A19103F-16F7-4668-BE54-9A1E7A4F7556}") = "LongestSubstringWithoutRepeatingCharacters", "LeetCodeChallenges\LongestSubstringWithoutRepeatingCharacters\LongestSubstringWithoutRepeatingCharacters.csproj", "{70F8F3AC-4145-4AB6-A26F-4E6989F74D00}"
EndProject
Project("{9A19103F-16F7-4668-BE54-9A1E7A4F7556}") = "PartitioningIntoMinimumNumberOfDeciBinaryNumbers", "PartitioningIntoMinimumNumberOfDeciBinaryNumbers\PartitioningIntoMinimumNumberOfDeciBinaryNumbers.csproj", "{A69ACE40-56F7-4C14-82DC-E3C89B0AEA50}"
EndProject
Project("{9A19103F-16F7-4668-BE54-9A1E7A4F7556}") = "MinimumDeletionsToMakeCharacterFrequenciesUnique", "LeetCodeChallenges\MinimumDeletionsToMakeCharacterFrequenciesUnique\MinimumDeletionsToMakeCharacterFrequenciesUnique.csproj", "{F31EB680-0ED9-405F-93EA-39BC009E4D32}"
EndProject
Project("{9A19103F-16F7-4668-BE54-9A1E7A4F7556}") = "MinimumMovesToEqualArrayElementsII", "LeetCodeChallenges\MinimumMovesToEqualArrayElementsII\MinimumMovesToEqualArrayElementsII.csproj", "{3FA44E52-CF78-48FD-A2CF-AE7987BA0A19}"
EndProject
Project("{9A19103F-16F7-4668-BE54-9A1E7A4F7556}") = "SearchInsertPosition", "LeetCodeChallenges\SearchInsertPosition\SearchInsertPosition.csproj", "{9A5DEB27-FD6B-46E1-A001-87B4EF61BFDB}"
EndProject
Project("{9A19103F-16F7-4668-BE54-9A1E7A4F7556}") = "Candy", "LeetCodeChallenges\Candy\Candy.csproj", "{A2AA668D-C54A-4A2F-A6E3-9EAB3AB768F6}"
EndProject
Project("{9A19103F-16F7-4668-BE54-9A1E7A4F7556}") = "FibonacciNumber", "FibonacciNumber\FibonacciNumber.csproj", "{F64A7ACB-4112-4BD7-ABC4-CC71C525ED6D}"
EndProject
Project("{9A19103F-16F7-4668-BE54-9A1E7A4F7556}") = "WiggleSequence", "LeetCodeChallenges\WiggleSequence\WiggleSequence.csproj", "{80A00F1D-A7AD-438A-9BC1-B1732D86F7A9}"
EndProject
Project("{2150E333-8FDC-42A3-9474-1A3956D46DE8}") = "FreeCodeCamp", "FreeCodeCamp", "{398B6EE3-DB0D-4B97-B289-9829350D1A34}"
EndProject
Project("{9A19103F-16F7-4668-BE54-9A1E7A4F7556}") = "ValidAnagram", "FreeCodeCamp\ValidAnagram\ValidAnagram.csproj", "{336249B6-E6D5-49F5-A861-F05769A358F5}"
EndProject
Project("{9A19103F-16F7-4668-BE54-9A1E7A4F7556}") = "KthLargestElementInArray", "FreeCodeCamp\KthLargestElementInArray\KthLargestElementInArray.csproj", "{5E3B2CC9-98C1-41D9-8AE4-E64FA821C72D}"
EndProject
Project("{9A19103F-16F7-4668-BE54-9A1E7A4F7556}") = "KthLargestElementInArrayTests", "FreeCodeCamp\KthLargestElementInArrayTests\KthLargestElementInArrayTests.csproj", "{98E0B9E9-03E7-4146-9CAC-9CB4937F6DF7}"
EndProject
Project("{2150E333-8FDC-42A3-9474-1A3956D46DE8}") = "DataStructures", "DataStructures", "{C32DEB14-8950-41B2-8283-519284AD74D5}"
EndProject
Project("{9A19103F-16F7-4668-BE54-9A1E7A4F7556}") = "Tree", "DataStructures\Tree\Tree.csproj", "{E9B7B8B3-ADB0-4107-9A7B-060294C37D04}"
EndProject
Project("{9A19103F-16F7-4668-BE54-9A1E7A4F7556}") = "KLargestElementsInArray", "KLargestElementsInArray\KLargestElementsInArray.csproj", "{0522634B-5374-4DBE-83B4-660E1A745438}"
EndProject
Project("{9A19103F-16F7-4668-BE54-9A1E7A4F7556}") = "CircularQueue", "DataStructures\CircularQueue\CircularQueue.csproj", "{BD0D1049-AB09-4E4C-8378-B51852D38D21}"
EndProject
Project("{9A19103F-16F7-4668-BE54-9A1E7A4F7556}") = "SatisfiabilityOfEqualityEquations", "LeetCodeChallenges\SatisfiabilityOfEqualityEquations\SatisfiabilityOfEqualityEquations.csproj", "{21A8B0F7-59FB-4417-8F2C-607D7D637CD1}"
EndProject
Project("{9A19103F-16F7-4668-BE54-9A1E7A4F7556}") = "GenerateParentheses", "FreeCodeCamp\GenerateParentheses\GenerateParentheses.csproj", "{94F729AD-A7AF-4453-AED1-C2C8A4AE5743}"
EndProject
Project("{9A19103F-16F7-4668-BE54-9A1E7A4F7556}") = "RemoveNthNodeFromEndOfList", "LeetCodeChallenges\RemoveNthNodeFromEndOfList\RemoveNthNodeFromEndOfList.csproj", "{53ADAEF4-2409-46D7-BA98-C176708DCE7C}"
EndProject
Project("{9A19103F-16F7-4668-BE54-9A1E7A4F7556}") = "RelativeRanks", "LeetCodeChallenges\RelativeRanks\RelativeRanks.csproj", "{E11FB9C0-A289-454A-8122-F6BDED8C8FA2}"
EndProject
Project("{9A19103F-16F7-4668-BE54-9A1E7A4F7556}") = "LargestLocalValuesInMatrix", "LargestLocalValuesInMatrix\LargestLocalValuesInMatrix.csproj", "{662309AA-F17F-4F2F-ADAB-9671C714691C}"
EndProject
Project("{9A19103F-16F7-4668-BE54-9A1E7A4F7556}") = "ContainerWithMostWater", "LeetCodeChallenges\ContainerWithMostWater\ContainerWithMostWater.csproj", "{28293EE5-EE3F-4626-935F-491A2C7FEE9C}"
EndProject
Project("{9A19103F-16F7-4668-BE54-9A1E7A4F7556}") = "3SumClosest", "LeetCodeChallenges\3SumClosest\3SumClosest.csproj", "{6162D584-A262-41A6-8486-B8967379C901}"
EndProject
Project("{2150E333-8FDC-42A3-9474-1A3956D46DE8}") = "CrackingTheCodingInterview", "CrackingTheCodingInterview", "{3FA14AB0-BE72-46DA-80C6-0603269B0D56}"
EndProject
Project("{9A19103F-16F7-4668-BE54-9A1E7A4F7556}") = "AllPermutationsOfString", "AllPermutationsOfString\AllPermutationsOfString.csproj", "{8E5C6458-12F4-464F-8534-35D4FC892629}"
EndProject
Project("{9A19103F-16F7-4668-BE54-9A1E7A4F7556}") = "SetOfStacks", "SetOfStacks\SetOfStacks.csproj", "{B6E8004E-D550-4D3E-9B5E-B78AE059DE84}"
EndProject
Project("{9A19103F-16F7-4668-BE54-9A1E7A4F7556}") = "MaximumNumberOfPointsWithCost", "LeetCodeChallenges\MaximumNumberOfPointsWithCost\MaximumNumberOfPointsWithCost.csproj", "{1FE12804-C3F2-4C6B-8C77-D6B82A240627}"
EndProject
Project("{9A19103F-16F7-4668-BE54-9A1E7A4F7556}") = "UglyNumberII", "LeetCodeChallenges\UglyNumberII\UglyNumberII.csproj", "{1B2EACC1-4F87-45B6-B58F-982499B2B29E}"
EndProject
Project("{9A19103F-16F7-4668-BE54-9A1E7A4F7556}") = "TwoKeysKeyboard", "LeetCodeChallenges\TwoKeysKeyboard\TwoKeysKeyboard.csproj", "{C3988184-3648-4991-9C88-7AC11CA4ECA5}"
EndProject
Project("{9A19103F-16F7-4668-BE54-9A1E7A4F7556}") = "DispatchSystem", "CrackingTheCodingInterview\DispatchSystem\DispatchSystem.csproj", "{C32F35EE-A184-499A-B1EE-D625905F35B0}"
EndProject
Project("{9A19103F-16F7-4668-BE54-9A1E7A4F7556}") = "ChildRunningUpTheStairs", "CrackingTheCodingInterview\ChildRunningUpTheStairs\ChildRunningUpTheStairs.csproj", "{9AD56783-705D-4E1F-9BD9-75164742DA54}"
EndProject
Project("{9A19103F-16F7-4668-BE54-9A1E7A4F7556}") = "NaryTreePostorderTraversal", "LeetCodeChallenges\NaryTreePostorderTraversal\NaryTreePostorderTraversal.csproj", "{896B762D-D780-4FFC-9AA7-9F392E41603D}"
EndProject
Project("{9A19103F-16F7-4668-BE54-9A1E7A4F7556}") = "ReverseInteger", "LeetCodeChallenges\ReverseInteger\ReverseInteger.csproj", "{70A06276-87FF-4083-8AB3-597E6099E8C5}"
EndProject
Project("{9A19103F-16F7-4668-BE54-9A1E7A4F7556}") = "IntegerToRoman", "LeetCodeChallenges\IntegerToRoman\IntegerToRoman.csproj", "{93266257-803D-4C55-A88C-E663E8905BDD}"
EndProject
Project("{9A19103F-16F7-4668-BE54-9A1E7A4F7556}") = "FindMissingObservations", "LeetCodeChallenges\FindMissingObservations\FindMissingObservations.csproj", "{669A91ED-9E09-497F-B00D-881CB199ACDD}"
EndProject
Project("{9A19103F-16F7-4668-BE54-9A1E7A4F7556}") = "WalkingRobotSimulation", "LeetCodeChallenges\WalkingRobotSimulation\WalkingRobotSimulation.csproj", "{41495DB6-599C-48FE-A0F6-0D30CD328EE1}"
EndProject
Project("{9A19103F-16F7-4668-BE54-9A1E7A4F7556}") = "LinkedListInBinaryTree", "LeetCodeChallenges\LinkedListInBinaryTree\LinkedListInBinaryTree.csproj", "{86BF6583-B092-4A00-A0B8-705534F20425}"
EndProject
Project("{9A19103F-16F7-4668-BE54-9A1E7A4F7556}") = "ZigzagConversion", "LeetCodeChallenges\ZigzagConversion\ZigzagConversion.csproj", "{63B6DE54-7DB9-4996-AF53-09BC5039BB08}"
EndProject
Project("{FAE04EC0-301F-11D3-BF4B-00C04F79EFBC}") = "LongestSubarrayWithMaximumBitwiseAND", "LeetCodeChallenges\LongestSubarrayWithMaximumBitwiseAND\LongestSubarrayWithMaximumBitwiseAND.csproj", "{020F25F7-73BA-4D0B-8DBF-3B077C6CC453}"
EndProject
Project("{FAE04EC0-301F-11D3-BF4B-00C04F79EFBC}") = "XorQueriesOfSubarray", "XorQueriesOfSubarray\XorQueriesOfSubarray.csproj", "{BAFD4246-B2DE-45F2-B4F7-DA0267B0492E}"
EndProject
Project("{FAE04EC0-301F-11D3-BF4B-00C04F79EFBC}") = "CountNumberOfConsistentStrings", "LeetCodeChallenges\CountNumberOfConsistentStrings\CountNumberOfConsistentStrings.csproj", "{C1953C51-2529-4726-8263-0EC2D4E2AD00}"
EndProject
Project("{FAE04EC0-301F-11D3-BF4B-00C04F79EFBC}") = "MinimumBitFlipsToConvertNumber", "LeetCodeChallenges\MinimumBitFlipsToConvertNumber\MinimumBitFlipsToConvertNumber.csproj", "{2939A4CD-64A2-4001-8C64-2F8B6EA45D38}"
EndProject
Global
	GlobalSection(SolutionConfigurationPlatforms) = preSolution
		Debug|Any CPU = Debug|Any CPU
		Release|Any CPU = Release|Any CPU
	EndGlobalSection
	GlobalSection(ProjectConfigurationPlatforms) = postSolution
		{42A2D817-205F-4676-A26B-D8431B893E56}.Debug|Any CPU.ActiveCfg = Debug|Any CPU
		{42A2D817-205F-4676-A26B-D8431B893E56}.Debug|Any CPU.Build.0 = Debug|Any CPU
		{42A2D817-205F-4676-A26B-D8431B893E56}.Release|Any CPU.ActiveCfg = Release|Any CPU
		{42A2D817-205F-4676-A26B-D8431B893E56}.Release|Any CPU.Build.0 = Release|Any CPU
		{CEB66AF2-2573-4CB6-9CFC-45D08C7C9625}.Debug|Any CPU.ActiveCfg = Debug|Any CPU
		{CEB66AF2-2573-4CB6-9CFC-45D08C7C9625}.Debug|Any CPU.Build.0 = Debug|Any CPU
		{CEB66AF2-2573-4CB6-9CFC-45D08C7C9625}.Release|Any CPU.ActiveCfg = Release|Any CPU
		{CEB66AF2-2573-4CB6-9CFC-45D08C7C9625}.Release|Any CPU.Build.0 = Release|Any CPU
		{120A7B7B-25F1-40DB-8AA8-B3AFDDF5F746}.Debug|Any CPU.ActiveCfg = Debug|Any CPU
		{120A7B7B-25F1-40DB-8AA8-B3AFDDF5F746}.Debug|Any CPU.Build.0 = Debug|Any CPU
		{120A7B7B-25F1-40DB-8AA8-B3AFDDF5F746}.Release|Any CPU.ActiveCfg = Release|Any CPU
		{120A7B7B-25F1-40DB-8AA8-B3AFDDF5F746}.Release|Any CPU.Build.0 = Release|Any CPU
		{9BDB2C28-C74A-4765-8F5C-86A4C13B7799}.Debug|Any CPU.ActiveCfg = Debug|Any CPU
		{9BDB2C28-C74A-4765-8F5C-86A4C13B7799}.Debug|Any CPU.Build.0 = Debug|Any CPU
		{9BDB2C28-C74A-4765-8F5C-86A4C13B7799}.Release|Any CPU.ActiveCfg = Release|Any CPU
		{9BDB2C28-C74A-4765-8F5C-86A4C13B7799}.Release|Any CPU.Build.0 = Release|Any CPU
		{52ED871A-CCE7-496D-B801-778501171BAF}.Debug|Any CPU.ActiveCfg = Debug|Any CPU
		{52ED871A-CCE7-496D-B801-778501171BAF}.Debug|Any CPU.Build.0 = Debug|Any CPU
		{52ED871A-CCE7-496D-B801-778501171BAF}.Release|Any CPU.ActiveCfg = Release|Any CPU
		{52ED871A-CCE7-496D-B801-778501171BAF}.Release|Any CPU.Build.0 = Release|Any CPU
		{17AB5102-D64B-4145-BD80-1B5496CEC0AF}.Debug|Any CPU.ActiveCfg = Debug|Any CPU
		{17AB5102-D64B-4145-BD80-1B5496CEC0AF}.Debug|Any CPU.Build.0 = Debug|Any CPU
		{17AB5102-D64B-4145-BD80-1B5496CEC0AF}.Release|Any CPU.ActiveCfg = Release|Any CPU
		{17AB5102-D64B-4145-BD80-1B5496CEC0AF}.Release|Any CPU.Build.0 = Release|Any CPU
		{69BDB783-B1D2-408E-84CE-00E35CB432DB}.Debug|Any CPU.ActiveCfg = Debug|Any CPU
		{69BDB783-B1D2-408E-84CE-00E35CB432DB}.Debug|Any CPU.Build.0 = Debug|Any CPU
		{69BDB783-B1D2-408E-84CE-00E35CB432DB}.Release|Any CPU.ActiveCfg = Release|Any CPU
		{69BDB783-B1D2-408E-84CE-00E35CB432DB}.Release|Any CPU.Build.0 = Release|Any CPU
		{5BC7CF72-8754-4CD8-A597-A0A3F3EC01AF}.Debug|Any CPU.ActiveCfg = Debug|Any CPU
		{5BC7CF72-8754-4CD8-A597-A0A3F3EC01AF}.Debug|Any CPU.Build.0 = Debug|Any CPU
		{5BC7CF72-8754-4CD8-A597-A0A3F3EC01AF}.Release|Any CPU.ActiveCfg = Release|Any CPU
		{5BC7CF72-8754-4CD8-A597-A0A3F3EC01AF}.Release|Any CPU.Build.0 = Release|Any CPU
		{45E49CBA-0800-4391-AD80-E23837C66D95}.Debug|Any CPU.ActiveCfg = Debug|Any CPU
		{45E49CBA-0800-4391-AD80-E23837C66D95}.Debug|Any CPU.Build.0 = Debug|Any CPU
		{45E49CBA-0800-4391-AD80-E23837C66D95}.Release|Any CPU.ActiveCfg = Release|Any CPU
		{45E49CBA-0800-4391-AD80-E23837C66D95}.Release|Any CPU.Build.0 = Release|Any CPU
		{41370430-26A5-44FE-A12D-D63ECD369009}.Debug|Any CPU.ActiveCfg = Debug|Any CPU
		{41370430-26A5-44FE-A12D-D63ECD369009}.Debug|Any CPU.Build.0 = Debug|Any CPU
		{41370430-26A5-44FE-A12D-D63ECD369009}.Release|Any CPU.ActiveCfg = Release|Any CPU
		{41370430-26A5-44FE-A12D-D63ECD369009}.Release|Any CPU.Build.0 = Release|Any CPU
		{B4D45B8C-1B2B-49B1-BE39-04F4FB45BF39}.Debug|Any CPU.ActiveCfg = Debug|Any CPU
		{B4D45B8C-1B2B-49B1-BE39-04F4FB45BF39}.Debug|Any CPU.Build.0 = Debug|Any CPU
		{B4D45B8C-1B2B-49B1-BE39-04F4FB45BF39}.Release|Any CPU.ActiveCfg = Release|Any CPU
		{B4D45B8C-1B2B-49B1-BE39-04F4FB45BF39}.Release|Any CPU.Build.0 = Release|Any CPU
		{E61037CC-67F5-4875-8F33-C355D4FE0CA2}.Debug|Any CPU.ActiveCfg = Debug|Any CPU
		{E61037CC-67F5-4875-8F33-C355D4FE0CA2}.Debug|Any CPU.Build.0 = Debug|Any CPU
		{E61037CC-67F5-4875-8F33-C355D4FE0CA2}.Release|Any CPU.ActiveCfg = Release|Any CPU
		{E61037CC-67F5-4875-8F33-C355D4FE0CA2}.Release|Any CPU.Build.0 = Release|Any CPU
		{11E4BD73-0C8E-4539-9F16-0996086A3CA8}.Debug|Any CPU.ActiveCfg = Debug|Any CPU
		{11E4BD73-0C8E-4539-9F16-0996086A3CA8}.Debug|Any CPU.Build.0 = Debug|Any CPU
		{11E4BD73-0C8E-4539-9F16-0996086A3CA8}.Release|Any CPU.ActiveCfg = Release|Any CPU
		{11E4BD73-0C8E-4539-9F16-0996086A3CA8}.Release|Any CPU.Build.0 = Release|Any CPU
		{B0484653-72FB-496C-9C09-1BCF2A5B2FC9}.Debug|Any CPU.ActiveCfg = Debug|Any CPU
		{B0484653-72FB-496C-9C09-1BCF2A5B2FC9}.Debug|Any CPU.Build.0 = Debug|Any CPU
		{B0484653-72FB-496C-9C09-1BCF2A5B2FC9}.Release|Any CPU.ActiveCfg = Release|Any CPU
		{B0484653-72FB-496C-9C09-1BCF2A5B2FC9}.Release|Any CPU.Build.0 = Release|Any CPU
		{2F590895-5417-49CE-A3FD-48E5CA296D93}.Debug|Any CPU.ActiveCfg = Debug|Any CPU
		{2F590895-5417-49CE-A3FD-48E5CA296D93}.Debug|Any CPU.Build.0 = Debug|Any CPU
		{2F590895-5417-49CE-A3FD-48E5CA296D93}.Release|Any CPU.ActiveCfg = Release|Any CPU
		{2F590895-5417-49CE-A3FD-48E5CA296D93}.Release|Any CPU.Build.0 = Release|Any CPU
		{9010A237-04C3-4CDC-BCC8-44B8F7FB2D14}.Debug|Any CPU.ActiveCfg = Debug|Any CPU
		{9010A237-04C3-4CDC-BCC8-44B8F7FB2D14}.Debug|Any CPU.Build.0 = Debug|Any CPU
		{9010A237-04C3-4CDC-BCC8-44B8F7FB2D14}.Release|Any CPU.ActiveCfg = Release|Any CPU
		{9010A237-04C3-4CDC-BCC8-44B8F7FB2D14}.Release|Any CPU.Build.0 = Release|Any CPU
		{8B227DAF-B209-48AB-8C08-06F337B319C2}.Debug|Any CPU.ActiveCfg = Debug|Any CPU
		{8B227DAF-B209-48AB-8C08-06F337B319C2}.Debug|Any CPU.Build.0 = Debug|Any CPU
		{8B227DAF-B209-48AB-8C08-06F337B319C2}.Release|Any CPU.ActiveCfg = Release|Any CPU
		{8B227DAF-B209-48AB-8C08-06F337B319C2}.Release|Any CPU.Build.0 = Release|Any CPU
		{10E1F544-5A8A-495B-8BA6-BD05A624CA4F}.Debug|Any CPU.ActiveCfg = Debug|Any CPU
		{10E1F544-5A8A-495B-8BA6-BD05A624CA4F}.Debug|Any CPU.Build.0 = Debug|Any CPU
		{10E1F544-5A8A-495B-8BA6-BD05A624CA4F}.Release|Any CPU.ActiveCfg = Release|Any CPU
		{10E1F544-5A8A-495B-8BA6-BD05A624CA4F}.Release|Any CPU.Build.0 = Release|Any CPU
		{06850500-F79B-4FBD-B23E-2B907F7B40FF}.Debug|Any CPU.ActiveCfg = Debug|Any CPU
		{06850500-F79B-4FBD-B23E-2B907F7B40FF}.Debug|Any CPU.Build.0 = Debug|Any CPU
		{06850500-F79B-4FBD-B23E-2B907F7B40FF}.Release|Any CPU.ActiveCfg = Release|Any CPU
		{06850500-F79B-4FBD-B23E-2B907F7B40FF}.Release|Any CPU.Build.0 = Release|Any CPU
		{2B22A0C4-708E-47CD-8F8B-F2BA25929F44}.Debug|Any CPU.ActiveCfg = Debug|Any CPU
		{2B22A0C4-708E-47CD-8F8B-F2BA25929F44}.Debug|Any CPU.Build.0 = Debug|Any CPU
		{2B22A0C4-708E-47CD-8F8B-F2BA25929F44}.Release|Any CPU.ActiveCfg = Release|Any CPU
		{2B22A0C4-708E-47CD-8F8B-F2BA25929F44}.Release|Any CPU.Build.0 = Release|Any CPU
		{AFF69063-F9E0-483E-ACDF-639A94C6A0F3}.Debug|Any CPU.ActiveCfg = Debug|Any CPU
		{AFF69063-F9E0-483E-ACDF-639A94C6A0F3}.Debug|Any CPU.Build.0 = Debug|Any CPU
		{AFF69063-F9E0-483E-ACDF-639A94C6A0F3}.Release|Any CPU.ActiveCfg = Release|Any CPU
		{AFF69063-F9E0-483E-ACDF-639A94C6A0F3}.Release|Any CPU.Build.0 = Release|Any CPU
		{9B391836-BD2E-4875-9F8E-9F46C28ACDDA}.Debug|Any CPU.ActiveCfg = Debug|Any CPU
		{9B391836-BD2E-4875-9F8E-9F46C28ACDDA}.Debug|Any CPU.Build.0 = Debug|Any CPU
		{9B391836-BD2E-4875-9F8E-9F46C28ACDDA}.Release|Any CPU.ActiveCfg = Release|Any CPU
		{9B391836-BD2E-4875-9F8E-9F46C28ACDDA}.Release|Any CPU.Build.0 = Release|Any CPU
		{E8F410AB-862F-4A71-A460-672DC547C756}.Debug|Any CPU.ActiveCfg = Debug|Any CPU
		{E8F410AB-862F-4A71-A460-672DC547C756}.Debug|Any CPU.Build.0 = Debug|Any CPU
		{E8F410AB-862F-4A71-A460-672DC547C756}.Release|Any CPU.ActiveCfg = Release|Any CPU
		{E8F410AB-862F-4A71-A460-672DC547C756}.Release|Any CPU.Build.0 = Release|Any CPU
		{2E2BDB20-8771-41EE-AEAF-62C20EA56C70}.Debug|Any CPU.ActiveCfg = Debug|Any CPU
		{2E2BDB20-8771-41EE-AEAF-62C20EA56C70}.Debug|Any CPU.Build.0 = Debug|Any CPU
		{2E2BDB20-8771-41EE-AEAF-62C20EA56C70}.Release|Any CPU.ActiveCfg = Release|Any CPU
		{2E2BDB20-8771-41EE-AEAF-62C20EA56C70}.Release|Any CPU.Build.0 = Release|Any CPU
		{0BA17008-ADC8-4080-B499-69101E8F176E}.Debug|Any CPU.ActiveCfg = Debug|Any CPU
		{0BA17008-ADC8-4080-B499-69101E8F176E}.Debug|Any CPU.Build.0 = Debug|Any CPU
		{0BA17008-ADC8-4080-B499-69101E8F176E}.Release|Any CPU.ActiveCfg = Release|Any CPU
		{0BA17008-ADC8-4080-B499-69101E8F176E}.Release|Any CPU.Build.0 = Release|Any CPU
		{9A76304A-27B1-441F-BF4F-556F8BA34FBB}.Debug|Any CPU.ActiveCfg = Debug|Any CPU
		{9A76304A-27B1-441F-BF4F-556F8BA34FBB}.Debug|Any CPU.Build.0 = Debug|Any CPU
		{9A76304A-27B1-441F-BF4F-556F8BA34FBB}.Release|Any CPU.ActiveCfg = Release|Any CPU
		{9A76304A-27B1-441F-BF4F-556F8BA34FBB}.Release|Any CPU.Build.0 = Release|Any CPU
		{F12C3C9D-D818-4FA5-958F-93F64AF57181}.Debug|Any CPU.ActiveCfg = Debug|Any CPU
		{F12C3C9D-D818-4FA5-958F-93F64AF57181}.Debug|Any CPU.Build.0 = Debug|Any CPU
		{F12C3C9D-D818-4FA5-958F-93F64AF57181}.Release|Any CPU.ActiveCfg = Release|Any CPU
		{F12C3C9D-D818-4FA5-958F-93F64AF57181}.Release|Any CPU.Build.0 = Release|Any CPU
		{E2358E6F-37E9-48F5-960E-EF81679BC066}.Debug|Any CPU.ActiveCfg = Debug|Any CPU
		{E2358E6F-37E9-48F5-960E-EF81679BC066}.Debug|Any CPU.Build.0 = Debug|Any CPU
		{E2358E6F-37E9-48F5-960E-EF81679BC066}.Release|Any CPU.ActiveCfg = Release|Any CPU
		{E2358E6F-37E9-48F5-960E-EF81679BC066}.Release|Any CPU.Build.0 = Release|Any CPU
		{5C6CE79D-8E61-43EF-8118-7CCC61051AFC}.Debug|Any CPU.ActiveCfg = Debug|Any CPU
		{5C6CE79D-8E61-43EF-8118-7CCC61051AFC}.Debug|Any CPU.Build.0 = Debug|Any CPU
		{5C6CE79D-8E61-43EF-8118-7CCC61051AFC}.Release|Any CPU.ActiveCfg = Release|Any CPU
		{5C6CE79D-8E61-43EF-8118-7CCC61051AFC}.Release|Any CPU.Build.0 = Release|Any CPU
		{CE23FD96-2942-4B40-AECF-6343A51035F7}.Debug|Any CPU.ActiveCfg = Debug|Any CPU
		{CE23FD96-2942-4B40-AECF-6343A51035F7}.Debug|Any CPU.Build.0 = Debug|Any CPU
		{CE23FD96-2942-4B40-AECF-6343A51035F7}.Release|Any CPU.ActiveCfg = Release|Any CPU
		{CE23FD96-2942-4B40-AECF-6343A51035F7}.Release|Any CPU.Build.0 = Release|Any CPU
		{4D7210F9-10FF-4DE0-A6EF-F58A88558D2D}.Debug|Any CPU.ActiveCfg = Debug|Any CPU
		{4D7210F9-10FF-4DE0-A6EF-F58A88558D2D}.Debug|Any CPU.Build.0 = Debug|Any CPU
		{4D7210F9-10FF-4DE0-A6EF-F58A88558D2D}.Release|Any CPU.ActiveCfg = Release|Any CPU
		{4D7210F9-10FF-4DE0-A6EF-F58A88558D2D}.Release|Any CPU.Build.0 = Release|Any CPU
		{AA550545-A255-4F92-B883-436F9731B025}.Debug|Any CPU.ActiveCfg = Debug|Any CPU
		{AA550545-A255-4F92-B883-436F9731B025}.Debug|Any CPU.Build.0 = Debug|Any CPU
		{AA550545-A255-4F92-B883-436F9731B025}.Release|Any CPU.ActiveCfg = Release|Any CPU
		{AA550545-A255-4F92-B883-436F9731B025}.Release|Any CPU.Build.0 = Release|Any CPU
		{99935DFC-B5F0-4095-BA04-D6FA87B13B8C}.Debug|Any CPU.ActiveCfg = Debug|Any CPU
		{99935DFC-B5F0-4095-BA04-D6FA87B13B8C}.Debug|Any CPU.Build.0 = Debug|Any CPU
		{99935DFC-B5F0-4095-BA04-D6FA87B13B8C}.Release|Any CPU.ActiveCfg = Release|Any CPU
		{99935DFC-B5F0-4095-BA04-D6FA87B13B8C}.Release|Any CPU.Build.0 = Release|Any CPU
		{3321E78C-538C-44A5-9DB0-25A4FEC709A5}.Debug|Any CPU.ActiveCfg = Debug|Any CPU
		{3321E78C-538C-44A5-9DB0-25A4FEC709A5}.Debug|Any CPU.Build.0 = Debug|Any CPU
		{3321E78C-538C-44A5-9DB0-25A4FEC709A5}.Release|Any CPU.ActiveCfg = Release|Any CPU
		{3321E78C-538C-44A5-9DB0-25A4FEC709A5}.Release|Any CPU.Build.0 = Release|Any CPU
		{A62C953E-B2F8-42AF-9844-8E2007F7A0C1}.Debug|Any CPU.ActiveCfg = Debug|Any CPU
		{A62C953E-B2F8-42AF-9844-8E2007F7A0C1}.Debug|Any CPU.Build.0 = Debug|Any CPU
		{A62C953E-B2F8-42AF-9844-8E2007F7A0C1}.Release|Any CPU.ActiveCfg = Release|Any CPU
		{A62C953E-B2F8-42AF-9844-8E2007F7A0C1}.Release|Any CPU.Build.0 = Release|Any CPU
		{D63B2F83-D458-4D27-8605-BC17C63EC9C0}.Debug|Any CPU.ActiveCfg = Debug|Any CPU
		{D63B2F83-D458-4D27-8605-BC17C63EC9C0}.Debug|Any CPU.Build.0 = Debug|Any CPU
		{D63B2F83-D458-4D27-8605-BC17C63EC9C0}.Release|Any CPU.ActiveCfg = Release|Any CPU
		{D63B2F83-D458-4D27-8605-BC17C63EC9C0}.Release|Any CPU.Build.0 = Release|Any CPU
		{9FA9A045-C03F-4CED-B692-BBF54B4F5569}.Debug|Any CPU.ActiveCfg = Debug|Any CPU
		{9FA9A045-C03F-4CED-B692-BBF54B4F5569}.Debug|Any CPU.Build.0 = Debug|Any CPU
		{9FA9A045-C03F-4CED-B692-BBF54B4F5569}.Release|Any CPU.ActiveCfg = Release|Any CPU
		{9FA9A045-C03F-4CED-B692-BBF54B4F5569}.Release|Any CPU.Build.0 = Release|Any CPU
		{01FC2B99-B2EE-4259-BA0F-B5CB760EA00B}.Debug|Any CPU.ActiveCfg = Debug|Any CPU
		{01FC2B99-B2EE-4259-BA0F-B5CB760EA00B}.Debug|Any CPU.Build.0 = Debug|Any CPU
		{01FC2B99-B2EE-4259-BA0F-B5CB760EA00B}.Release|Any CPU.ActiveCfg = Release|Any CPU
		{01FC2B99-B2EE-4259-BA0F-B5CB760EA00B}.Release|Any CPU.Build.0 = Release|Any CPU
		{2E274E07-E098-414D-A4C5-19C15FFD789F}.Debug|Any CPU.ActiveCfg = Debug|Any CPU
		{2E274E07-E098-414D-A4C5-19C15FFD789F}.Debug|Any CPU.Build.0 = Debug|Any CPU
		{2E274E07-E098-414D-A4C5-19C15FFD789F}.Release|Any CPU.ActiveCfg = Release|Any CPU
		{2E274E07-E098-414D-A4C5-19C15FFD789F}.Release|Any CPU.Build.0 = Release|Any CPU
		{7BAA1D21-2C5A-413E-AD70-7F87267E1ED2}.Debug|Any CPU.ActiveCfg = Debug|Any CPU
		{7BAA1D21-2C5A-413E-AD70-7F87267E1ED2}.Debug|Any CPU.Build.0 = Debug|Any CPU
		{7BAA1D21-2C5A-413E-AD70-7F87267E1ED2}.Release|Any CPU.ActiveCfg = Release|Any CPU
		{7BAA1D21-2C5A-413E-AD70-7F87267E1ED2}.Release|Any CPU.Build.0 = Release|Any CPU
		{CF6B2B15-554E-4F0F-9343-7158780C82D6}.Debug|Any CPU.ActiveCfg = Debug|Any CPU
		{CF6B2B15-554E-4F0F-9343-7158780C82D6}.Debug|Any CPU.Build.0 = Debug|Any CPU
		{CF6B2B15-554E-4F0F-9343-7158780C82D6}.Release|Any CPU.ActiveCfg = Release|Any CPU
		{CF6B2B15-554E-4F0F-9343-7158780C82D6}.Release|Any CPU.Build.0 = Release|Any CPU
		{8B4BEDDF-8B47-4B92-9031-6B45E4AB6705}.Debug|Any CPU.ActiveCfg = Debug|Any CPU
		{8B4BEDDF-8B47-4B92-9031-6B45E4AB6705}.Debug|Any CPU.Build.0 = Debug|Any CPU
		{8B4BEDDF-8B47-4B92-9031-6B45E4AB6705}.Release|Any CPU.ActiveCfg = Release|Any CPU
		{8B4BEDDF-8B47-4B92-9031-6B45E4AB6705}.Release|Any CPU.Build.0 = Release|Any CPU
		{DCAB221C-C85F-4A49-A41F-1AF6C2223C5B}.Debug|Any CPU.ActiveCfg = Debug|Any CPU
		{DCAB221C-C85F-4A49-A41F-1AF6C2223C5B}.Debug|Any CPU.Build.0 = Debug|Any CPU
		{DCAB221C-C85F-4A49-A41F-1AF6C2223C5B}.Release|Any CPU.ActiveCfg = Release|Any CPU
		{DCAB221C-C85F-4A49-A41F-1AF6C2223C5B}.Release|Any CPU.Build.0 = Release|Any CPU
		{C741D037-2D14-46D0-8170-667F022063D7}.Debug|Any CPU.ActiveCfg = Debug|Any CPU
		{C741D037-2D14-46D0-8170-667F022063D7}.Debug|Any CPU.Build.0 = Debug|Any CPU
		{C741D037-2D14-46D0-8170-667F022063D7}.Release|Any CPU.ActiveCfg = Release|Any CPU
		{C741D037-2D14-46D0-8170-667F022063D7}.Release|Any CPU.Build.0 = Release|Any CPU
		{68FC9CC8-3ADD-4BFB-AE42-B8A796FB1AED}.Debug|Any CPU.ActiveCfg = Debug|Any CPU
		{68FC9CC8-3ADD-4BFB-AE42-B8A796FB1AED}.Debug|Any CPU.Build.0 = Debug|Any CPU
		{68FC9CC8-3ADD-4BFB-AE42-B8A796FB1AED}.Release|Any CPU.ActiveCfg = Release|Any CPU
		{68FC9CC8-3ADD-4BFB-AE42-B8A796FB1AED}.Release|Any CPU.Build.0 = Release|Any CPU
		{D604DFFF-AFA4-44F1-8B35-DBDD328271C3}.Debug|Any CPU.ActiveCfg = Debug|Any CPU
		{D604DFFF-AFA4-44F1-8B35-DBDD328271C3}.Debug|Any CPU.Build.0 = Debug|Any CPU
		{D604DFFF-AFA4-44F1-8B35-DBDD328271C3}.Release|Any CPU.ActiveCfg = Release|Any CPU
		{D604DFFF-AFA4-44F1-8B35-DBDD328271C3}.Release|Any CPU.Build.0 = Release|Any CPU
		{69EAB829-01E6-408B-9948-852BA5E4DCA0}.Debug|Any CPU.ActiveCfg = Debug|Any CPU
		{69EAB829-01E6-408B-9948-852BA5E4DCA0}.Debug|Any CPU.Build.0 = Debug|Any CPU
		{69EAB829-01E6-408B-9948-852BA5E4DCA0}.Release|Any CPU.ActiveCfg = Release|Any CPU
		{69EAB829-01E6-408B-9948-852BA5E4DCA0}.Release|Any CPU.Build.0 = Release|Any CPU
		{82EDEE11-E5EB-423A-BB47-DCD34953AA2C}.Debug|Any CPU.ActiveCfg = Debug|Any CPU
		{82EDEE11-E5EB-423A-BB47-DCD34953AA2C}.Debug|Any CPU.Build.0 = Debug|Any CPU
		{82EDEE11-E5EB-423A-BB47-DCD34953AA2C}.Release|Any CPU.ActiveCfg = Release|Any CPU
		{82EDEE11-E5EB-423A-BB47-DCD34953AA2C}.Release|Any CPU.Build.0 = Release|Any CPU
		{47486C90-8F43-4459-82CA-BF43E89232FE}.Debug|Any CPU.ActiveCfg = Debug|Any CPU
		{47486C90-8F43-4459-82CA-BF43E89232FE}.Debug|Any CPU.Build.0 = Debug|Any CPU
		{47486C90-8F43-4459-82CA-BF43E89232FE}.Release|Any CPU.ActiveCfg = Release|Any CPU
		{47486C90-8F43-4459-82CA-BF43E89232FE}.Release|Any CPU.Build.0 = Release|Any CPU
		{64D554E5-1589-4CF6-9ED2-42C33CE08AC0}.Debug|Any CPU.ActiveCfg = Debug|Any CPU
		{64D554E5-1589-4CF6-9ED2-42C33CE08AC0}.Debug|Any CPU.Build.0 = Debug|Any CPU
		{64D554E5-1589-4CF6-9ED2-42C33CE08AC0}.Release|Any CPU.ActiveCfg = Release|Any CPU
		{64D554E5-1589-4CF6-9ED2-42C33CE08AC0}.Release|Any CPU.Build.0 = Release|Any CPU
		{3DC24983-4FC6-4A79-8790-6377D964502B}.Debug|Any CPU.ActiveCfg = Debug|Any CPU
		{3DC24983-4FC6-4A79-8790-6377D964502B}.Debug|Any CPU.Build.0 = Debug|Any CPU
		{3DC24983-4FC6-4A79-8790-6377D964502B}.Release|Any CPU.ActiveCfg = Release|Any CPU
		{3DC24983-4FC6-4A79-8790-6377D964502B}.Release|Any CPU.Build.0 = Release|Any CPU
		{B694EAAC-5A67-4D19-830C-3D5D1B8232F6}.Debug|Any CPU.ActiveCfg = Debug|Any CPU
		{B694EAAC-5A67-4D19-830C-3D5D1B8232F6}.Debug|Any CPU.Build.0 = Debug|Any CPU
		{B694EAAC-5A67-4D19-830C-3D5D1B8232F6}.Release|Any CPU.ActiveCfg = Release|Any CPU
		{B694EAAC-5A67-4D19-830C-3D5D1B8232F6}.Release|Any CPU.Build.0 = Release|Any CPU
		{A4F0179A-36EE-4941-8BB8-BC557F194270}.Debug|Any CPU.ActiveCfg = Debug|Any CPU
		{A4F0179A-36EE-4941-8BB8-BC557F194270}.Debug|Any CPU.Build.0 = Debug|Any CPU
		{A4F0179A-36EE-4941-8BB8-BC557F194270}.Release|Any CPU.ActiveCfg = Release|Any CPU
		{A4F0179A-36EE-4941-8BB8-BC557F194270}.Release|Any CPU.Build.0 = Release|Any CPU
		{4FB8A3DC-6F13-4CB2-AE5A-AF37CA16B0E0}.Debug|Any CPU.ActiveCfg = Debug|Any CPU
		{4FB8A3DC-6F13-4CB2-AE5A-AF37CA16B0E0}.Debug|Any CPU.Build.0 = Debug|Any CPU
		{4FB8A3DC-6F13-4CB2-AE5A-AF37CA16B0E0}.Release|Any CPU.ActiveCfg = Release|Any CPU
		{4FB8A3DC-6F13-4CB2-AE5A-AF37CA16B0E0}.Release|Any CPU.Build.0 = Release|Any CPU
		{1A1ED774-C04C-4A38-AC98-0A6BDE7667EA}.Debug|Any CPU.ActiveCfg = Debug|Any CPU
		{1A1ED774-C04C-4A38-AC98-0A6BDE7667EA}.Debug|Any CPU.Build.0 = Debug|Any CPU
		{1A1ED774-C04C-4A38-AC98-0A6BDE7667EA}.Release|Any CPU.ActiveCfg = Release|Any CPU
		{1A1ED774-C04C-4A38-AC98-0A6BDE7667EA}.Release|Any CPU.Build.0 = Release|Any CPU
		{0A134D3F-5585-4B45-AA9C-192DC82EDCBE}.Debug|Any CPU.ActiveCfg = Debug|Any CPU
		{0A134D3F-5585-4B45-AA9C-192DC82EDCBE}.Debug|Any CPU.Build.0 = Debug|Any CPU
		{0A134D3F-5585-4B45-AA9C-192DC82EDCBE}.Release|Any CPU.ActiveCfg = Release|Any CPU
		{0A134D3F-5585-4B45-AA9C-192DC82EDCBE}.Release|Any CPU.Build.0 = Release|Any CPU
		{CB74F14D-14C1-40E7-88B8-4EFFD23BD12A}.Debug|Any CPU.ActiveCfg = Debug|Any CPU
		{CB74F14D-14C1-40E7-88B8-4EFFD23BD12A}.Debug|Any CPU.Build.0 = Debug|Any CPU
		{CB74F14D-14C1-40E7-88B8-4EFFD23BD12A}.Release|Any CPU.ActiveCfg = Release|Any CPU
		{CB74F14D-14C1-40E7-88B8-4EFFD23BD12A}.Release|Any CPU.Build.0 = Release|Any CPU
		{BA3D6090-6BA7-46A6-8E81-885DAF6CB309}.Debug|Any CPU.ActiveCfg = Debug|Any CPU
		{BA3D6090-6BA7-46A6-8E81-885DAF6CB309}.Debug|Any CPU.Build.0 = Debug|Any CPU
		{BA3D6090-6BA7-46A6-8E81-885DAF6CB309}.Release|Any CPU.ActiveCfg = Release|Any CPU
		{BA3D6090-6BA7-46A6-8E81-885DAF6CB309}.Release|Any CPU.Build.0 = Release|Any CPU
		{0D82CDDB-7CB7-472A-8ADD-643A27863E06}.Debug|Any CPU.ActiveCfg = Debug|Any CPU
		{0D82CDDB-7CB7-472A-8ADD-643A27863E06}.Debug|Any CPU.Build.0 = Debug|Any CPU
		{0D82CDDB-7CB7-472A-8ADD-643A27863E06}.Release|Any CPU.ActiveCfg = Release|Any CPU
		{0D82CDDB-7CB7-472A-8ADD-643A27863E06}.Release|Any CPU.Build.0 = Release|Any CPU
		{6167668D-FF1D-48AA-8E97-01CE75A82E4A}.Debug|Any CPU.ActiveCfg = Debug|Any CPU
		{6167668D-FF1D-48AA-8E97-01CE75A82E4A}.Debug|Any CPU.Build.0 = Debug|Any CPU
		{6167668D-FF1D-48AA-8E97-01CE75A82E4A}.Release|Any CPU.ActiveCfg = Release|Any CPU
		{6167668D-FF1D-48AA-8E97-01CE75A82E4A}.Release|Any CPU.Build.0 = Release|Any CPU
		{0918A26F-46C5-4976-A876-EF4FCBB645EA}.Debug|Any CPU.ActiveCfg = Debug|Any CPU
		{0918A26F-46C5-4976-A876-EF4FCBB645EA}.Debug|Any CPU.Build.0 = Debug|Any CPU
		{0918A26F-46C5-4976-A876-EF4FCBB645EA}.Release|Any CPU.ActiveCfg = Release|Any CPU
		{0918A26F-46C5-4976-A876-EF4FCBB645EA}.Release|Any CPU.Build.0 = Release|Any CPU
		{A0FCE1E9-323F-45F9-9F8D-E62FAA354670}.Debug|Any CPU.ActiveCfg = Debug|Any CPU
		{A0FCE1E9-323F-45F9-9F8D-E62FAA354670}.Debug|Any CPU.Build.0 = Debug|Any CPU
		{A0FCE1E9-323F-45F9-9F8D-E62FAA354670}.Release|Any CPU.ActiveCfg = Release|Any CPU
		{A0FCE1E9-323F-45F9-9F8D-E62FAA354670}.Release|Any CPU.Build.0 = Release|Any CPU
		{7E372CE4-746A-4FBA-A320-EA25A8AA7E07}.Debug|Any CPU.ActiveCfg = Debug|Any CPU
		{7E372CE4-746A-4FBA-A320-EA25A8AA7E07}.Debug|Any CPU.Build.0 = Debug|Any CPU
		{7E372CE4-746A-4FBA-A320-EA25A8AA7E07}.Release|Any CPU.ActiveCfg = Release|Any CPU
		{7E372CE4-746A-4FBA-A320-EA25A8AA7E07}.Release|Any CPU.Build.0 = Release|Any CPU
		{70F8F3AC-4145-4AB6-A26F-4E6989F74D00}.Debug|Any CPU.ActiveCfg = Debug|Any CPU
		{70F8F3AC-4145-4AB6-A26F-4E6989F74D00}.Debug|Any CPU.Build.0 = Debug|Any CPU
		{70F8F3AC-4145-4AB6-A26F-4E6989F74D00}.Release|Any CPU.ActiveCfg = Release|Any CPU
		{70F8F3AC-4145-4AB6-A26F-4E6989F74D00}.Release|Any CPU.Build.0 = Release|Any CPU
		{A69ACE40-56F7-4C14-82DC-E3C89B0AEA50}.Debug|Any CPU.ActiveCfg = Debug|Any CPU
		{A69ACE40-56F7-4C14-82DC-E3C89B0AEA50}.Debug|Any CPU.Build.0 = Debug|Any CPU
		{A69ACE40-56F7-4C14-82DC-E3C89B0AEA50}.Release|Any CPU.ActiveCfg = Release|Any CPU
		{A69ACE40-56F7-4C14-82DC-E3C89B0AEA50}.Release|Any CPU.Build.0 = Release|Any CPU
		{F31EB680-0ED9-405F-93EA-39BC009E4D32}.Debug|Any CPU.ActiveCfg = Debug|Any CPU
		{F31EB680-0ED9-405F-93EA-39BC009E4D32}.Debug|Any CPU.Build.0 = Debug|Any CPU
		{F31EB680-0ED9-405F-93EA-39BC009E4D32}.Release|Any CPU.ActiveCfg = Release|Any CPU
		{F31EB680-0ED9-405F-93EA-39BC009E4D32}.Release|Any CPU.Build.0 = Release|Any CPU
		{3FA44E52-CF78-48FD-A2CF-AE7987BA0A19}.Debug|Any CPU.ActiveCfg = Debug|Any CPU
		{3FA44E52-CF78-48FD-A2CF-AE7987BA0A19}.Debug|Any CPU.Build.0 = Debug|Any CPU
		{3FA44E52-CF78-48FD-A2CF-AE7987BA0A19}.Release|Any CPU.ActiveCfg = Release|Any CPU
		{3FA44E52-CF78-48FD-A2CF-AE7987BA0A19}.Release|Any CPU.Build.0 = Release|Any CPU
		{9A5DEB27-FD6B-46E1-A001-87B4EF61BFDB}.Debug|Any CPU.ActiveCfg = Debug|Any CPU
		{9A5DEB27-FD6B-46E1-A001-87B4EF61BFDB}.Debug|Any CPU.Build.0 = Debug|Any CPU
		{9A5DEB27-FD6B-46E1-A001-87B4EF61BFDB}.Release|Any CPU.ActiveCfg = Release|Any CPU
		{9A5DEB27-FD6B-46E1-A001-87B4EF61BFDB}.Release|Any CPU.Build.0 = Release|Any CPU
		{A2AA668D-C54A-4A2F-A6E3-9EAB3AB768F6}.Debug|Any CPU.ActiveCfg = Debug|Any CPU
		{A2AA668D-C54A-4A2F-A6E3-9EAB3AB768F6}.Debug|Any CPU.Build.0 = Debug|Any CPU
		{A2AA668D-C54A-4A2F-A6E3-9EAB3AB768F6}.Release|Any CPU.ActiveCfg = Release|Any CPU
		{A2AA668D-C54A-4A2F-A6E3-9EAB3AB768F6}.Release|Any CPU.Build.0 = Release|Any CPU
		{F64A7ACB-4112-4BD7-ABC4-CC71C525ED6D}.Debug|Any CPU.ActiveCfg = Debug|Any CPU
		{F64A7ACB-4112-4BD7-ABC4-CC71C525ED6D}.Debug|Any CPU.Build.0 = Debug|Any CPU
		{F64A7ACB-4112-4BD7-ABC4-CC71C525ED6D}.Release|Any CPU.ActiveCfg = Release|Any CPU
		{F64A7ACB-4112-4BD7-ABC4-CC71C525ED6D}.Release|Any CPU.Build.0 = Release|Any CPU
		{80A00F1D-A7AD-438A-9BC1-B1732D86F7A9}.Debug|Any CPU.ActiveCfg = Debug|Any CPU
		{80A00F1D-A7AD-438A-9BC1-B1732D86F7A9}.Debug|Any CPU.Build.0 = Debug|Any CPU
		{80A00F1D-A7AD-438A-9BC1-B1732D86F7A9}.Release|Any CPU.ActiveCfg = Release|Any CPU
		{80A00F1D-A7AD-438A-9BC1-B1732D86F7A9}.Release|Any CPU.Build.0 = Release|Any CPU
		{336249B6-E6D5-49F5-A861-F05769A358F5}.Debug|Any CPU.ActiveCfg = Debug|Any CPU
		{336249B6-E6D5-49F5-A861-F05769A358F5}.Debug|Any CPU.Build.0 = Debug|Any CPU
		{336249B6-E6D5-49F5-A861-F05769A358F5}.Release|Any CPU.ActiveCfg = Release|Any CPU
		{336249B6-E6D5-49F5-A861-F05769A358F5}.Release|Any CPU.Build.0 = Release|Any CPU
		{5E3B2CC9-98C1-41D9-8AE4-E64FA821C72D}.Debug|Any CPU.ActiveCfg = Debug|Any CPU
		{5E3B2CC9-98C1-41D9-8AE4-E64FA821C72D}.Debug|Any CPU.Build.0 = Debug|Any CPU
		{5E3B2CC9-98C1-41D9-8AE4-E64FA821C72D}.Release|Any CPU.ActiveCfg = Release|Any CPU
		{5E3B2CC9-98C1-41D9-8AE4-E64FA821C72D}.Release|Any CPU.Build.0 = Release|Any CPU
		{98E0B9E9-03E7-4146-9CAC-9CB4937F6DF7}.Debug|Any CPU.ActiveCfg = Debug|Any CPU
		{98E0B9E9-03E7-4146-9CAC-9CB4937F6DF7}.Debug|Any CPU.Build.0 = Debug|Any CPU
		{98E0B9E9-03E7-4146-9CAC-9CB4937F6DF7}.Release|Any CPU.ActiveCfg = Release|Any CPU
		{98E0B9E9-03E7-4146-9CAC-9CB4937F6DF7}.Release|Any CPU.Build.0 = Release|Any CPU
		{E9B7B8B3-ADB0-4107-9A7B-060294C37D04}.Debug|Any CPU.ActiveCfg = Debug|Any CPU
		{E9B7B8B3-ADB0-4107-9A7B-060294C37D04}.Debug|Any CPU.Build.0 = Debug|Any CPU
		{E9B7B8B3-ADB0-4107-9A7B-060294C37D04}.Release|Any CPU.ActiveCfg = Release|Any CPU
		{E9B7B8B3-ADB0-4107-9A7B-060294C37D04}.Release|Any CPU.Build.0 = Release|Any CPU
		{0522634B-5374-4DBE-83B4-660E1A745438}.Debug|Any CPU.ActiveCfg = Debug|Any CPU
		{0522634B-5374-4DBE-83B4-660E1A745438}.Debug|Any CPU.Build.0 = Debug|Any CPU
		{0522634B-5374-4DBE-83B4-660E1A745438}.Release|Any CPU.ActiveCfg = Release|Any CPU
		{0522634B-5374-4DBE-83B4-660E1A745438}.Release|Any CPU.Build.0 = Release|Any CPU
		{BD0D1049-AB09-4E4C-8378-B51852D38D21}.Debug|Any CPU.ActiveCfg = Debug|Any CPU
		{BD0D1049-AB09-4E4C-8378-B51852D38D21}.Debug|Any CPU.Build.0 = Debug|Any CPU
		{BD0D1049-AB09-4E4C-8378-B51852D38D21}.Release|Any CPU.ActiveCfg = Release|Any CPU
		{BD0D1049-AB09-4E4C-8378-B51852D38D21}.Release|Any CPU.Build.0 = Release|Any CPU
		{21A8B0F7-59FB-4417-8F2C-607D7D637CD1}.Debug|Any CPU.ActiveCfg = Debug|Any CPU
		{21A8B0F7-59FB-4417-8F2C-607D7D637CD1}.Debug|Any CPU.Build.0 = Debug|Any CPU
		{21A8B0F7-59FB-4417-8F2C-607D7D637CD1}.Release|Any CPU.ActiveCfg = Release|Any CPU
		{21A8B0F7-59FB-4417-8F2C-607D7D637CD1}.Release|Any CPU.Build.0 = Release|Any CPU
		{94F729AD-A7AF-4453-AED1-C2C8A4AE5743}.Debug|Any CPU.ActiveCfg = Debug|Any CPU
		{94F729AD-A7AF-4453-AED1-C2C8A4AE5743}.Debug|Any CPU.Build.0 = Debug|Any CPU
		{94F729AD-A7AF-4453-AED1-C2C8A4AE5743}.Release|Any CPU.ActiveCfg = Release|Any CPU
		{94F729AD-A7AF-4453-AED1-C2C8A4AE5743}.Release|Any CPU.Build.0 = Release|Any CPU
		{53ADAEF4-2409-46D7-BA98-C176708DCE7C}.Debug|Any CPU.ActiveCfg = Debug|Any CPU
		{53ADAEF4-2409-46D7-BA98-C176708DCE7C}.Debug|Any CPU.Build.0 = Debug|Any CPU
		{53ADAEF4-2409-46D7-BA98-C176708DCE7C}.Release|Any CPU.ActiveCfg = Release|Any CPU
		{53ADAEF4-2409-46D7-BA98-C176708DCE7C}.Release|Any CPU.Build.0 = Release|Any CPU
		{E11FB9C0-A289-454A-8122-F6BDED8C8FA2}.Debug|Any CPU.ActiveCfg = Debug|Any CPU
		{E11FB9C0-A289-454A-8122-F6BDED8C8FA2}.Debug|Any CPU.Build.0 = Debug|Any CPU
		{E11FB9C0-A289-454A-8122-F6BDED8C8FA2}.Release|Any CPU.ActiveCfg = Release|Any CPU
		{E11FB9C0-A289-454A-8122-F6BDED8C8FA2}.Release|Any CPU.Build.0 = Release|Any CPU
		{662309AA-F17F-4F2F-ADAB-9671C714691C}.Debug|Any CPU.ActiveCfg = Debug|Any CPU
		{662309AA-F17F-4F2F-ADAB-9671C714691C}.Debug|Any CPU.Build.0 = Debug|Any CPU
		{662309AA-F17F-4F2F-ADAB-9671C714691C}.Release|Any CPU.ActiveCfg = Release|Any CPU
		{662309AA-F17F-4F2F-ADAB-9671C714691C}.Release|Any CPU.Build.0 = Release|Any CPU
		{28293EE5-EE3F-4626-935F-491A2C7FEE9C}.Debug|Any CPU.ActiveCfg = Debug|Any CPU
		{28293EE5-EE3F-4626-935F-491A2C7FEE9C}.Debug|Any CPU.Build.0 = Debug|Any CPU
		{28293EE5-EE3F-4626-935F-491A2C7FEE9C}.Release|Any CPU.ActiveCfg = Release|Any CPU
		{28293EE5-EE3F-4626-935F-491A2C7FEE9C}.Release|Any CPU.Build.0 = Release|Any CPU
		{6162D584-A262-41A6-8486-B8967379C901}.Debug|Any CPU.ActiveCfg = Debug|Any CPU
		{6162D584-A262-41A6-8486-B8967379C901}.Debug|Any CPU.Build.0 = Debug|Any CPU
		{6162D584-A262-41A6-8486-B8967379C901}.Release|Any CPU.ActiveCfg = Release|Any CPU
		{6162D584-A262-41A6-8486-B8967379C901}.Release|Any CPU.Build.0 = Release|Any CPU
		{8E5C6458-12F4-464F-8534-35D4FC892629}.Debug|Any CPU.ActiveCfg = Debug|Any CPU
		{8E5C6458-12F4-464F-8534-35D4FC892629}.Debug|Any CPU.Build.0 = Debug|Any CPU
		{8E5C6458-12F4-464F-8534-35D4FC892629}.Release|Any CPU.ActiveCfg = Release|Any CPU
		{8E5C6458-12F4-464F-8534-35D4FC892629}.Release|Any CPU.Build.0 = Release|Any CPU
		{B6E8004E-D550-4D3E-9B5E-B78AE059DE84}.Debug|Any CPU.ActiveCfg = Debug|Any CPU
		{B6E8004E-D550-4D3E-9B5E-B78AE059DE84}.Debug|Any CPU.Build.0 = Debug|Any CPU
		{B6E8004E-D550-4D3E-9B5E-B78AE059DE84}.Release|Any CPU.ActiveCfg = Release|Any CPU
		{B6E8004E-D550-4D3E-9B5E-B78AE059DE84}.Release|Any CPU.Build.0 = Release|Any CPU
		{1FE12804-C3F2-4C6B-8C77-D6B82A240627}.Debug|Any CPU.ActiveCfg = Debug|Any CPU
		{1FE12804-C3F2-4C6B-8C77-D6B82A240627}.Debug|Any CPU.Build.0 = Debug|Any CPU
		{1FE12804-C3F2-4C6B-8C77-D6B82A240627}.Release|Any CPU.ActiveCfg = Release|Any CPU
		{1FE12804-C3F2-4C6B-8C77-D6B82A240627}.Release|Any CPU.Build.0 = Release|Any CPU
		{1B2EACC1-4F87-45B6-B58F-982499B2B29E}.Debug|Any CPU.ActiveCfg = Debug|Any CPU
		{1B2EACC1-4F87-45B6-B58F-982499B2B29E}.Debug|Any CPU.Build.0 = Debug|Any CPU
		{1B2EACC1-4F87-45B6-B58F-982499B2B29E}.Release|Any CPU.ActiveCfg = Release|Any CPU
		{1B2EACC1-4F87-45B6-B58F-982499B2B29E}.Release|Any CPU.Build.0 = Release|Any CPU
		{C3988184-3648-4991-9C88-7AC11CA4ECA5}.Debug|Any CPU.ActiveCfg = Debug|Any CPU
		{C3988184-3648-4991-9C88-7AC11CA4ECA5}.Debug|Any CPU.Build.0 = Debug|Any CPU
		{C3988184-3648-4991-9C88-7AC11CA4ECA5}.Release|Any CPU.ActiveCfg = Release|Any CPU
		{C3988184-3648-4991-9C88-7AC11CA4ECA5}.Release|Any CPU.Build.0 = Release|Any CPU
		{C32F35EE-A184-499A-B1EE-D625905F35B0}.Debug|Any CPU.ActiveCfg = Debug|Any CPU
		{C32F35EE-A184-499A-B1EE-D625905F35B0}.Debug|Any CPU.Build.0 = Debug|Any CPU
		{C32F35EE-A184-499A-B1EE-D625905F35B0}.Release|Any CPU.ActiveCfg = Release|Any CPU
		{C32F35EE-A184-499A-B1EE-D625905F35B0}.Release|Any CPU.Build.0 = Release|Any CPU
		{9AD56783-705D-4E1F-9BD9-75164742DA54}.Debug|Any CPU.ActiveCfg = Debug|Any CPU
		{9AD56783-705D-4E1F-9BD9-75164742DA54}.Debug|Any CPU.Build.0 = Debug|Any CPU
		{9AD56783-705D-4E1F-9BD9-75164742DA54}.Release|Any CPU.ActiveCfg = Release|Any CPU
		{9AD56783-705D-4E1F-9BD9-75164742DA54}.Release|Any CPU.Build.0 = Release|Any CPU
		{896B762D-D780-4FFC-9AA7-9F392E41603D}.Debug|Any CPU.ActiveCfg = Debug|Any CPU
		{896B762D-D780-4FFC-9AA7-9F392E41603D}.Debug|Any CPU.Build.0 = Debug|Any CPU
		{896B762D-D780-4FFC-9AA7-9F392E41603D}.Release|Any CPU.ActiveCfg = Release|Any CPU
		{896B762D-D780-4FFC-9AA7-9F392E41603D}.Release|Any CPU.Build.0 = Release|Any CPU
		{70A06276-87FF-4083-8AB3-597E6099E8C5}.Debug|Any CPU.ActiveCfg = Debug|Any CPU
		{70A06276-87FF-4083-8AB3-597E6099E8C5}.Debug|Any CPU.Build.0 = Debug|Any CPU
		{70A06276-87FF-4083-8AB3-597E6099E8C5}.Release|Any CPU.ActiveCfg = Release|Any CPU
		{70A06276-87FF-4083-8AB3-597E6099E8C5}.Release|Any CPU.Build.0 = Release|Any CPU
		{93266257-803D-4C55-A88C-E663E8905BDD}.Debug|Any CPU.ActiveCfg = Debug|Any CPU
		{93266257-803D-4C55-A88C-E663E8905BDD}.Debug|Any CPU.Build.0 = Debug|Any CPU
		{93266257-803D-4C55-A88C-E663E8905BDD}.Release|Any CPU.ActiveCfg = Release|Any CPU
		{93266257-803D-4C55-A88C-E663E8905BDD}.Release|Any CPU.Build.0 = Release|Any CPU
		{669A91ED-9E09-497F-B00D-881CB199ACDD}.Debug|Any CPU.ActiveCfg = Debug|Any CPU
		{669A91ED-9E09-497F-B00D-881CB199ACDD}.Debug|Any CPU.Build.0 = Debug|Any CPU
		{669A91ED-9E09-497F-B00D-881CB199ACDD}.Release|Any CPU.ActiveCfg = Release|Any CPU
		{669A91ED-9E09-497F-B00D-881CB199ACDD}.Release|Any CPU.Build.0 = Release|Any CPU
		{41495DB6-599C-48FE-A0F6-0D30CD328EE1}.Debug|Any CPU.ActiveCfg = Debug|Any CPU
		{41495DB6-599C-48FE-A0F6-0D30CD328EE1}.Debug|Any CPU.Build.0 = Debug|Any CPU
		{41495DB6-599C-48FE-A0F6-0D30CD328EE1}.Release|Any CPU.ActiveCfg = Release|Any CPU
		{41495DB6-599C-48FE-A0F6-0D30CD328EE1}.Release|Any CPU.Build.0 = Release|Any CPU
		{86BF6583-B092-4A00-A0B8-705534F20425}.Debug|Any CPU.ActiveCfg = Debug|Any CPU
		{86BF6583-B092-4A00-A0B8-705534F20425}.Debug|Any CPU.Build.0 = Debug|Any CPU
		{86BF6583-B092-4A00-A0B8-705534F20425}.Release|Any CPU.ActiveCfg = Release|Any CPU
		{86BF6583-B092-4A00-A0B8-705534F20425}.Release|Any CPU.Build.0 = Release|Any CPU
		{63B6DE54-7DB9-4996-AF53-09BC5039BB08}.Debug|Any CPU.ActiveCfg = Debug|Any CPU
		{63B6DE54-7DB9-4996-AF53-09BC5039BB08}.Debug|Any CPU.Build.0 = Debug|Any CPU
		{63B6DE54-7DB9-4996-AF53-09BC5039BB08}.Release|Any CPU.ActiveCfg = Release|Any CPU
		{63B6DE54-7DB9-4996-AF53-09BC5039BB08}.Release|Any CPU.Build.0 = Release|Any CPU
		{020F25F7-73BA-4D0B-8DBF-3B077C6CC453}.Debug|Any CPU.ActiveCfg = Debug|Any CPU
		{020F25F7-73BA-4D0B-8DBF-3B077C6CC453}.Debug|Any CPU.Build.0 = Debug|Any CPU
		{020F25F7-73BA-4D0B-8DBF-3B077C6CC453}.Release|Any CPU.ActiveCfg = Release|Any CPU
		{020F25F7-73BA-4D0B-8DBF-3B077C6CC453}.Release|Any CPU.Build.0 = Release|Any CPU
		{BAFD4246-B2DE-45F2-B4F7-DA0267B0492E}.Debug|Any CPU.ActiveCfg = Debug|Any CPU
		{BAFD4246-B2DE-45F2-B4F7-DA0267B0492E}.Debug|Any CPU.Build.0 = Debug|Any CPU
		{BAFD4246-B2DE-45F2-B4F7-DA0267B0492E}.Release|Any CPU.ActiveCfg = Release|Any CPU
		{BAFD4246-B2DE-45F2-B4F7-DA0267B0492E}.Release|Any CPU.Build.0 = Release|Any CPU
		{C1953C51-2529-4726-8263-0EC2D4E2AD00}.Debug|Any CPU.ActiveCfg = Debug|Any CPU
		{C1953C51-2529-4726-8263-0EC2D4E2AD00}.Debug|Any CPU.Build.0 = Debug|Any CPU
		{C1953C51-2529-4726-8263-0EC2D4E2AD00}.Release|Any CPU.ActiveCfg = Release|Any CPU
		{C1953C51-2529-4726-8263-0EC2D4E2AD00}.Release|Any CPU.Build.0 = Release|Any CPU
		{2939A4CD-64A2-4001-8C64-2F8B6EA45D38}.Debug|Any CPU.ActiveCfg = Debug|Any CPU
		{2939A4CD-64A2-4001-8C64-2F8B6EA45D38}.Debug|Any CPU.Build.0 = Debug|Any CPU
		{2939A4CD-64A2-4001-8C64-2F8B6EA45D38}.Release|Any CPU.ActiveCfg = Release|Any CPU
		{2939A4CD-64A2-4001-8C64-2F8B6EA45D38}.Release|Any CPU.Build.0 = Release|Any CPU
	EndGlobalSection
	GlobalSection(SolutionProperties) = preSolution
		HideSolutionNode = FALSE
	EndGlobalSection
	GlobalSection(NestedProjects) = preSolution
		{B4D45B8C-1B2B-49B1-BE39-04F4FB45BF39} = {065063D5-D1FE-4955-A489-6F3E52154B8E}
		{E61037CC-67F5-4875-8F33-C355D4FE0CA2} = {511F6CF8-DCD6-450D-BD68-80E6CAED48CF}
		{11E4BD73-0C8E-4539-9F16-0996086A3CA8} = {511F6CF8-DCD6-450D-BD68-80E6CAED48CF}
		{B0484653-72FB-496C-9C09-1BCF2A5B2FC9} = {511F6CF8-DCD6-450D-BD68-80E6CAED48CF}
		{2F590895-5417-49CE-A3FD-48E5CA296D93} = {511F6CF8-DCD6-450D-BD68-80E6CAED48CF}
		{06850500-F79B-4FBD-B23E-2B907F7B40FF} = {065063D5-D1FE-4955-A489-6F3E52154B8E}
		{2B22A0C4-708E-47CD-8F8B-F2BA25929F44} = {065063D5-D1FE-4955-A489-6F3E52154B8E}
		{AFF69063-F9E0-483E-ACDF-639A94C6A0F3} = {065063D5-D1FE-4955-A489-6F3E52154B8E}
		{9B391836-BD2E-4875-9F8E-9F46C28ACDDA} = {065063D5-D1FE-4955-A489-6F3E52154B8E}
		{E8F410AB-862F-4A71-A460-672DC547C756} = {065063D5-D1FE-4955-A489-6F3E52154B8E}
		{B9F895AA-273D-4FB0-9DBF-F165ECAD0B47} = {065063D5-D1FE-4955-A489-6F3E52154B8E}
		{2E2BDB20-8771-41EE-AEAF-62C20EA56C70} = {B9F895AA-273D-4FB0-9DBF-F165ECAD0B47}
		{0BA17008-ADC8-4080-B499-69101E8F176E} = {B9F895AA-273D-4FB0-9DBF-F165ECAD0B47}
		{9A76304A-27B1-441F-BF4F-556F8BA34FBB} = {B9F895AA-273D-4FB0-9DBF-F165ECAD0B47}
		{F12C3C9D-D818-4FA5-958F-93F64AF57181} = {065063D5-D1FE-4955-A489-6F3E52154B8E}
		{E2358E6F-37E9-48F5-960E-EF81679BC066} = {511F6CF8-DCD6-450D-BD68-80E6CAED48CF}
		{5C6CE79D-8E61-43EF-8118-7CCC61051AFC} = {511F6CF8-DCD6-450D-BD68-80E6CAED48CF}
		{CE23FD96-2942-4B40-AECF-6343A51035F7} = {511F6CF8-DCD6-450D-BD68-80E6CAED48CF}
		{4D7210F9-10FF-4DE0-A6EF-F58A88558D2D} = {511F6CF8-DCD6-450D-BD68-80E6CAED48CF}
		{99935DFC-B5F0-4095-BA04-D6FA87B13B8C} = {065063D5-D1FE-4955-A489-6F3E52154B8E}
		{3321E78C-538C-44A5-9DB0-25A4FEC709A5} = {065063D5-D1FE-4955-A489-6F3E52154B8E}
		{A62C953E-B2F8-42AF-9844-8E2007F7A0C1} = {065063D5-D1FE-4955-A489-6F3E52154B8E}
		{D63B2F83-D458-4D27-8605-BC17C63EC9C0} = {065063D5-D1FE-4955-A489-6F3E52154B8E}
		{9FA9A045-C03F-4CED-B692-BBF54B4F5569} = {065063D5-D1FE-4955-A489-6F3E52154B8E}
		{01FC2B99-B2EE-4259-BA0F-B5CB760EA00B} = {065063D5-D1FE-4955-A489-6F3E52154B8E}
		{DCAB221C-C85F-4A49-A41F-1AF6C2223C5B} = {74A1AE1D-5BC3-4CA1-BB94-B7BE7B516B5A}
		{C741D037-2D14-46D0-8170-667F022063D7} = {74A1AE1D-5BC3-4CA1-BB94-B7BE7B516B5A}
		{68FC9CC8-3ADD-4BFB-AE42-B8A796FB1AED} = {74A1AE1D-5BC3-4CA1-BB94-B7BE7B516B5A}
		{D604DFFF-AFA4-44F1-8B35-DBDD328271C3} = {74A1AE1D-5BC3-4CA1-BB94-B7BE7B516B5A}
		{69EAB829-01E6-408B-9948-852BA5E4DCA0} = {74A1AE1D-5BC3-4CA1-BB94-B7BE7B516B5A}
		{82EDEE11-E5EB-423A-BB47-DCD34953AA2C} = {74A1AE1D-5BC3-4CA1-BB94-B7BE7B516B5A}
		{47486C90-8F43-4459-82CA-BF43E89232FE} = {74A1AE1D-5BC3-4CA1-BB94-B7BE7B516B5A}
		{64D554E5-1589-4CF6-9ED2-42C33CE08AC0} = {74A1AE1D-5BC3-4CA1-BB94-B7BE7B516B5A}
		{3DC24983-4FC6-4A79-8790-6377D964502B} = {74A1AE1D-5BC3-4CA1-BB94-B7BE7B516B5A}
		{B694EAAC-5A67-4D19-830C-3D5D1B8232F6} = {74A1AE1D-5BC3-4CA1-BB94-B7BE7B516B5A}
		{A4F0179A-36EE-4941-8BB8-BC557F194270} = {74A1AE1D-5BC3-4CA1-BB94-B7BE7B516B5A}
		{4FB8A3DC-6F13-4CB2-AE5A-AF37CA16B0E0} = {74A1AE1D-5BC3-4CA1-BB94-B7BE7B516B5A}
		{1A1ED774-C04C-4A38-AC98-0A6BDE7667EA} = {74A1AE1D-5BC3-4CA1-BB94-B7BE7B516B5A}
		{0A134D3F-5585-4B45-AA9C-192DC82EDCBE} = {74A1AE1D-5BC3-4CA1-BB94-B7BE7B516B5A}
		{CB74F14D-14C1-40E7-88B8-4EFFD23BD12A} = {74A1AE1D-5BC3-4CA1-BB94-B7BE7B516B5A}
		{BA3D6090-6BA7-46A6-8E81-885DAF6CB309} = {74A1AE1D-5BC3-4CA1-BB94-B7BE7B516B5A}
		{0D82CDDB-7CB7-472A-8ADD-643A27863E06} = {74A1AE1D-5BC3-4CA1-BB94-B7BE7B516B5A}
		{6167668D-FF1D-48AA-8E97-01CE75A82E4A} = {511F6CF8-DCD6-450D-BD68-80E6CAED48CF}
		{0918A26F-46C5-4976-A876-EF4FCBB645EA} = {511F6CF8-DCD6-450D-BD68-80E6CAED48CF}
		{A0FCE1E9-323F-45F9-9F8D-E62FAA354670} = {74A1AE1D-5BC3-4CA1-BB94-B7BE7B516B5A}
		{7E372CE4-746A-4FBA-A320-EA25A8AA7E07} = {74A1AE1D-5BC3-4CA1-BB94-B7BE7B516B5A}
		{70F8F3AC-4145-4AB6-A26F-4E6989F74D00} = {74A1AE1D-5BC3-4CA1-BB94-B7BE7B516B5A}
		{A69ACE40-56F7-4C14-82DC-E3C89B0AEA50} = {74A1AE1D-5BC3-4CA1-BB94-B7BE7B516B5A}
		{F31EB680-0ED9-405F-93EA-39BC009E4D32} = {74A1AE1D-5BC3-4CA1-BB94-B7BE7B516B5A}
		{3FA44E52-CF78-48FD-A2CF-AE7987BA0A19} = {74A1AE1D-5BC3-4CA1-BB94-B7BE7B516B5A}
		{9A5DEB27-FD6B-46E1-A001-87B4EF61BFDB} = {74A1AE1D-5BC3-4CA1-BB94-B7BE7B516B5A}
		{A2AA668D-C54A-4A2F-A6E3-9EAB3AB768F6} = {74A1AE1D-5BC3-4CA1-BB94-B7BE7B516B5A}
		{F64A7ACB-4112-4BD7-ABC4-CC71C525ED6D} = {74A1AE1D-5BC3-4CA1-BB94-B7BE7B516B5A}
		{80A00F1D-A7AD-438A-9BC1-B1732D86F7A9} = {74A1AE1D-5BC3-4CA1-BB94-B7BE7B516B5A}
		{336249B6-E6D5-49F5-A861-F05769A358F5} = {398B6EE3-DB0D-4B97-B289-9829350D1A34}
		{5E3B2CC9-98C1-41D9-8AE4-E64FA821C72D} = {398B6EE3-DB0D-4B97-B289-9829350D1A34}
		{98E0B9E9-03E7-4146-9CAC-9CB4937F6DF7} = {398B6EE3-DB0D-4B97-B289-9829350D1A34}
		{E9B7B8B3-ADB0-4107-9A7B-060294C37D04} = {C32DEB14-8950-41B2-8283-519284AD74D5}
		{BD0D1049-AB09-4E4C-8378-B51852D38D21} = {C32DEB14-8950-41B2-8283-519284AD74D5}
		{21A8B0F7-59FB-4417-8F2C-607D7D637CD1} = {74A1AE1D-5BC3-4CA1-BB94-B7BE7B516B5A}
		{94F729AD-A7AF-4453-AED1-C2C8A4AE5743} = {398B6EE3-DB0D-4B97-B289-9829350D1A34}
		{53ADAEF4-2409-46D7-BA98-C176708DCE7C} = {74A1AE1D-5BC3-4CA1-BB94-B7BE7B516B5A}
		{E11FB9C0-A289-454A-8122-F6BDED8C8FA2} = {74A1AE1D-5BC3-4CA1-BB94-B7BE7B516B5A}
		{662309AA-F17F-4F2F-ADAB-9671C714691C} = {74A1AE1D-5BC3-4CA1-BB94-B7BE7B516B5A}
		{28293EE5-EE3F-4626-935F-491A2C7FEE9C} = {74A1AE1D-5BC3-4CA1-BB94-B7BE7B516B5A}
		{6162D584-A262-41A6-8486-B8967379C901} = {74A1AE1D-5BC3-4CA1-BB94-B7BE7B516B5A}
		{8E5C6458-12F4-464F-8534-35D4FC892629} = {3FA14AB0-BE72-46DA-80C6-0603269B0D56}
		{B6E8004E-D550-4D3E-9B5E-B78AE059DE84} = {3FA14AB0-BE72-46DA-80C6-0603269B0D56}
		{1FE12804-C3F2-4C6B-8C77-D6B82A240627} = {74A1AE1D-5BC3-4CA1-BB94-B7BE7B516B5A}
		{1B2EACC1-4F87-45B6-B58F-982499B2B29E} = {74A1AE1D-5BC3-4CA1-BB94-B7BE7B516B5A}
		{C3988184-3648-4991-9C88-7AC11CA4ECA5} = {74A1AE1D-5BC3-4CA1-BB94-B7BE7B516B5A}
		{C32F35EE-A184-499A-B1EE-D625905F35B0} = {3FA14AB0-BE72-46DA-80C6-0603269B0D56}
		{9AD56783-705D-4E1F-9BD9-75164742DA54} = {3FA14AB0-BE72-46DA-80C6-0603269B0D56}
		{896B762D-D780-4FFC-9AA7-9F392E41603D} = {74A1AE1D-5BC3-4CA1-BB94-B7BE7B516B5A}
		{70A06276-87FF-4083-8AB3-597E6099E8C5} = {74A1AE1D-5BC3-4CA1-BB94-B7BE7B516B5A}
		{93266257-803D-4C55-A88C-E663E8905BDD} = {74A1AE1D-5BC3-4CA1-BB94-B7BE7B516B5A}
		{669A91ED-9E09-497F-B00D-881CB199ACDD} = {74A1AE1D-5BC3-4CA1-BB94-B7BE7B516B5A}
		{41495DB6-599C-48FE-A0F6-0D30CD328EE1} = {74A1AE1D-5BC3-4CA1-BB94-B7BE7B516B5A}
		{86BF6583-B092-4A00-A0B8-705534F20425} = {74A1AE1D-5BC3-4CA1-BB94-B7BE7B516B5A}
		{63B6DE54-7DB9-4996-AF53-09BC5039BB08} = {74A1AE1D-5BC3-4CA1-BB94-B7BE7B516B5A}
		{020F25F7-73BA-4D0B-8DBF-3B077C6CC453} = {74A1AE1D-5BC3-4CA1-BB94-B7BE7B516B5A}
		{BAFD4246-B2DE-45F2-B4F7-DA0267B0492E} = {74A1AE1D-5BC3-4CA1-BB94-B7BE7B516B5A}
		{C1953C51-2529-4726-8263-0EC2D4E2AD00} = {74A1AE1D-5BC3-4CA1-BB94-B7BE7B516B5A}
		{2939A4CD-64A2-4001-8C64-2F8B6EA45D38} = {74A1AE1D-5BC3-4CA1-BB94-B7BE7B516B5A}
	EndGlobalSection
	GlobalSection(ExtensibilityGlobals) = postSolution
		SolutionGuid = {81B3E4FC-6545-4A95-82E6-D107D42CAD72}
	EndGlobalSection
EndGlobal
